<?xml version="1.0" encoding="utf-8"?>
<Project ToolsVersion="4.0" xmlns="http://schemas.microsoft.com/developer/msbuild/2003">
  <ItemGroup>
    <Filter Include="src">
      <UniqueIdentifier>{4FC737F1-C7A5-4376-A066-2A32D752A2FF}</UniqueIdentifier>
      <Extensions>cpp;c;cc;cxx;def;odl;idl;hpj;bat;asm;asmx</Extensions>
    </Filter>
    <Filter Include="scrOrigin">
      <UniqueIdentifier>{86aa82e9-1220-44aa-9a5e-5bbba19302e2}</UniqueIdentifier>
    </Filter>
    <Filter Include="src\scene">
      <UniqueIdentifier>{4ec90f33-617d-415c-9f32-c20e8dedaa82}</UniqueIdentifier>
    </Filter>
  </ItemGroup>
  <ItemGroup>
    <ClCompile Include="..\..\..\src\main.cpp">
      <Filter>src</Filter>
    </ClCompile>
    <ClCompile Include="..\..\..\scrOrigin\PathTracing.cpp">
      <Filter>scrOrigin</Filter>
    </ClCompile>
  </ItemGroup>
  <ItemGroup>
    <ClInclude Include="..\..\..\src\Image.hpp">
      <Filter>src</Filter>
    </ClInclude>
    <ClInclude Include="..\..\..\src\Ray.hpp">
      <Filter>src</Filter>
    </ClInclude>
    <ClInclude Include="..\..\..\src\Vector.hpp">
      <Filter>src</Filter>
    </ClInclude>
    <ClInclude Include="..\..\..\src\Renderer.hpp">
      <Filter>src</Filter>
    </ClInclude>
    <ClInclude Include="..\..\..\src\Consts.hpp">
      <Filter>src</Filter>
    </ClInclude>
    <ClInclude Include="..\..\..\src\Scene.hpp">
      <Filter>src\scene</Filter>
    </ClInclude>
    <ClInclude Include="..\..\..\src\Sphere.hpp">
      <Filter>src\scene</Filter>
    </ClInclude>
    <ClInclude Include="..\..\..\src\TriangleMesh.hpp">
      <Filter>src\scene</Filter>
    </ClInclude>
    <ClInclude Include="..\..\..\src\Triangle.hpp">
      <Filter>src\scene</Filter>
    </ClInclude>
    <ClInclude Include="..\..\..\src\TinyObjLoader.hpp">
      <Filter>src\scene</Filter>
    </ClInclude>
    <ClInclude Include="..\..\..\src\Geometry.hpp">
      <Filter>src\scene</Filter>
    </ClInclude>
    <ClInclude Include="..\..\..\src\BoundingBox.hpp">
      <Filter>src\scene</Filter>
    </ClInclude>
    <ClInclude Include="..\..\..\src\ModelLoader.hpp">
      <Filter>src\scene</Filter>
    </ClInclude>
  </ItemGroup>
</Project>