// !$*UTF8*$!
{
	archiveVersion = 1;
	classes = {
	};
	objectVersion = 46;
	objects = {

/* Begin PBXBuildFile section */
		70352FD81C6756B5008BC99A /* libglut.3.dylib in Frameworks */ = {isa = PBXBuildFile; fileRef = 70352FD71C6756B5008BC99A /* libglut.3.dylib */; };
		70C8393E1C66534A00EDF0AF /* main.cpp in Sources */ = {isa = PBXBuildFile; fileRef = 70C838FB1C66534A00EDF0AF /* main.cpp */; };
		70C8393F1C66534A00EDF0AF /* freeglut.lib in Frameworks */ = {isa = PBXBuildFile; fileRef = 70C839281C66534A00EDF0AF /* freeglut.lib */; };
		70C839401C66534A00EDF0AF /* glew32.lib in Frameworks */ = {isa = PBXBuildFile; fileRef = 70C839291C66534A00EDF0AF /* glew32.lib */; };
		70C839411C66534A00EDF0AF /* glfw3dll.lib in Frameworks */ = {isa = PBXBuildFile; fileRef = 70C8392A1C66534A00EDF0AF /* glfw3dll.lib */; };
		70C839421C66534A00EDF0AF /* freeglut.lib in Frameworks */ = {isa = PBXBuildFile; fileRef = 70C8392C1C66534A00EDF0AF /* freeglut.lib */; };
		70C839431C66534A00EDF0AF /* glew32.lib in Frameworks */ = {isa = PBXBuildFile; fileRef = 70C8392D1C66534A00EDF0AF /* glew32.lib */; };
		70C839441C66534A00EDF0AF /* glfw3dll.lib in Frameworks */ = {isa = PBXBuildFile; fileRef = 70C8392E1C66534A00EDF0AF /* glfw3dll.lib */; };
		70C839451C66534A00EDF0AF /* freeglut.lib in Frameworks */ = {isa = PBXBuildFile; fileRef = 70C839301C66534A00EDF0AF /* freeglut.lib */; };
		70C839461C66534A00EDF0AF /* glew32.lib in Frameworks */ = {isa = PBXBuildFile; fileRef = 70C839311C66534A00EDF0AF /* glew32.lib */; };
		70C839471C66534A00EDF0AF /* glfw3dll.lib in Frameworks */ = {isa = PBXBuildFile; fileRef = 70C839321C66534A00EDF0AF /* glfw3dll.lib */; };
		70C839491C66539000EDF0AF /* OpenGL.framework in Frameworks */ = {isa = PBXBuildFile; fileRef = 70C839481C66539000EDF0AF /* OpenGL.framework */; };
		70C839511C6656A700EDF0AF /* diamond.obj in CopyFiles */ = {isa = PBXBuildFile; fileRef = 70C839001C66534A00EDF0AF /* diamond.obj */; };
		70C839521C6656A700EDF0AF /* light_housing.obj in CopyFiles */ = {isa = PBXBuildFile; fileRef = 70C839501C66569100EDF0AF /* light_housing.obj */; };
/* End PBXBuildFile section */

/* Begin PBXCopyFilesBuildPhase section */
		709E77C61C54FB790022CCD5 /* CopyFiles */ = {
			isa = PBXCopyFilesBuildPhase;
			buildActionMask = 2147483647;
			dstPath = /usr/share/man/man1/;
			dstSubfolderSpec = 0;
			files = (
			);
			runOnlyForDeploymentPostprocessing = 1;
		};
		70C8394E1C66561F00EDF0AF /* CopyFiles */ = {
			isa = PBXCopyFilesBuildPhase;
			buildActionMask = 2147483647;
			dstPath = "";
			dstSubfolderSpec = 16;
			files = (
				70C839511C6656A700EDF0AF /* diamond.obj in CopyFiles */,
				70C839521C6656A700EDF0AF /* light_housing.obj in CopyFiles */,
			);
			runOnlyForDeploymentPostprocessing = 0;
		};
/* End PBXCopyFilesBuildPhase section */

/* Begin PBXFileReference section */
		70352FD71C6756B5008BC99A /* libglut.3.dylib */ = {isa = PBXFileReference; lastKnownFileType = "compiled.mach-o.dylib"; name = libglut.3.dylib; path = ../../../../../../../../../../../usr/local/Cellar/freeglut/2.8.1/lib/libglut.3.dylib; sourceTree = "<group>"; };
		709E77C81C54FB790022CCD5 /* ACG-Assignment3 */ = {isa = PBXFileReference; explicitFileType = "compiled.mach-o.executable"; includeInIndex = 0; path = "ACG-Assignment3"; sourceTree = BUILT_PRODUCTS_DIR; };
		70C837F11C66534A00EDF0AF /* BoundingBox.hpp */ = {isa = PBXFileReference; fileEncoding = 4; lastKnownFileType = sourcecode.cpp.h; name = BoundingBox.hpp; path = ../../../src/BoundingBox.hpp; sourceTree = "<group>"; };
		70C837F21C66534A00EDF0AF /* Camera.hpp */ = {isa = PBXFileReference; fileEncoding = 4; lastKnownFileType = sourcecode.cpp.h; name = Camera.hpp; path = ../../../src/Camera.hpp; sourceTree = "<group>"; };
		70C837F31C66534A00EDF0AF /* CMakeLists.txt */ = {isa = PBXFileReference; fileEncoding = 4; lastKnownFileType = text; name = CMakeLists.txt; path = ../../../src/CMakeLists.txt; sourceTree = "<group>"; };
		70C837F41C66534A00EDF0AF /* Common.hpp */ = {isa = PBXFileReference; fileEncoding = 4; lastKnownFileType = sourcecode.cpp.h; name = Common.hpp; path = ../../../src/Common.hpp; sourceTree = "<group>"; };
		70C837F51C66534A00EDF0AF /* Geometry.hpp */ = {isa = PBXFileReference; fileEncoding = 4; lastKnownFileType = sourcecode.cpp.h; name = Geometry.hpp; path = ../../../src/Geometry.hpp; sourceTree = "<group>"; };
		70C837F71C66534A00EDF0AF /* CMakeLists.txt */ = {isa = PBXFileReference; fileEncoding = 4; lastKnownFileType = text; path = CMakeLists.txt; sourceTree = "<group>"; };
		70C837F81C66534A00EDF0AF /* common.hpp */ = {isa = PBXFileReference; fileEncoding = 4; lastKnownFileType = sourcecode.cpp.h; path = common.hpp; sourceTree = "<group>"; };
		70C837FA1C66534A00EDF0AF /* _features.hpp */ = {isa = PBXFileReference; fileEncoding = 4; lastKnownFileType = sourcecode.cpp.h; path = _features.hpp; sourceTree = "<group>"; };
		70C837FB1C66534A00EDF0AF /* _fixes.hpp */ = {isa = PBXFileReference; fileEncoding = 4; lastKnownFileType = sourcecode.cpp.h; path = _fixes.hpp; sourceTree = "<group>"; };
		70C837FC1C66534A00EDF0AF /* _noise.hpp */ = {isa = PBXFileReference; fileEncoding = 4; lastKnownFileType = sourcecode.cpp.h; path = _noise.hpp; sourceTree = "<group>"; };
		70C837FD1C66534A00EDF0AF /* _swizzle.hpp */ = {isa = PBXFileReference; fileEncoding = 4; lastKnownFileType = sourcecode.cpp.h; path = _swizzle.hpp; sourceTree = "<group>"; };
		70C837FE1C66534A00EDF0AF /* _swizzle_func.hpp */ = {isa = PBXFileReference; fileEncoding = 4; lastKnownFileType = sourcecode.cpp.h; path = _swizzle_func.hpp; sourceTree = "<group>"; };
		70C837FF1C66534A00EDF0AF /* _vectorize.hpp */ = {isa = PBXFileReference; fileEncoding = 4; lastKnownFileType = sourcecode.cpp.h; path = _vectorize.hpp; sourceTree = "<group>"; };
		70C838001C66534A00EDF0AF /* dummy.cpp */ = {isa = PBXFileReference; fileEncoding = 4; lastKnownFileType = sourcecode.cpp.cpp; path = dummy.cpp; sourceTree = "<group>"; };
		70C838011C66534A00EDF0AF /* func_common.hpp */ = {isa = PBXFileReference; fileEncoding = 4; lastKnownFileType = sourcecode.cpp.h; path = func_common.hpp; sourceTree = "<group>"; };
		70C838021C66534A00EDF0AF /* func_common.inl */ = {isa = PBXFileReference; fileEncoding = 4; lastKnownFileType = text; path = func_common.inl; sourceTree = "<group>"; };
		70C838031C66534A00EDF0AF /* func_exponential.hpp */ = {isa = PBXFileReference; fileEncoding = 4; lastKnownFileType = sourcecode.cpp.h; path = func_exponential.hpp; sourceTree = "<group>"; };
		70C838041C66534A00EDF0AF /* func_exponential.inl */ = {isa = PBXFileReference; fileEncoding = 4; lastKnownFileType = text; path = func_exponential.inl; sourceTree = "<group>"; };
		70C838051C66534A00EDF0AF /* func_geometric.hpp */ = {isa = PBXFileReference; fileEncoding = 4; lastKnownFileType = sourcecode.cpp.h; path = func_geometric.hpp; sourceTree = "<group>"; };
		70C838061C66534A00EDF0AF /* func_geometric.inl */ = {isa = PBXFileReference; fileEncoding = 4; lastKnownFileType = text; path = func_geometric.inl; sourceTree = "<group>"; };
		70C838071C66534A00EDF0AF /* func_integer.hpp */ = {isa = PBXFileReference; fileEncoding = 4; lastKnownFileType = sourcecode.cpp.h; path = func_integer.hpp; sourceTree = "<group>"; };
		70C838081C66534A00EDF0AF /* func_integer.inl */ = {isa = PBXFileReference; fileEncoding = 4; lastKnownFileType = text; path = func_integer.inl; sourceTree = "<group>"; };
		70C838091C66534A00EDF0AF /* func_matrix.hpp */ = {isa = PBXFileReference; fileEncoding = 4; lastKnownFileType = sourcecode.cpp.h; path = func_matrix.hpp; sourceTree = "<group>"; };
		70C8380A1C66534A00EDF0AF /* func_matrix.inl */ = {isa = PBXFileReference; fileEncoding = 4; lastKnownFileType = text; path = func_matrix.inl; sourceTree = "<group>"; };
		70C8380B1C66534A00EDF0AF /* func_packing.hpp */ = {isa = PBXFileReference; fileEncoding = 4; lastKnownFileType = sourcecode.cpp.h; path = func_packing.hpp; sourceTree = "<group>"; };
		70C8380C1C66534A00EDF0AF /* func_packing.inl */ = {isa = PBXFileReference; fileEncoding = 4; lastKnownFileType = text; path = func_packing.inl; sourceTree = "<group>"; };
		70C8380D1C66534A00EDF0AF /* func_trigonometric.hpp */ = {isa = PBXFileReference; fileEncoding = 4; lastKnownFileType = sourcecode.cpp.h; path = func_trigonometric.hpp; sourceTree = "<group>"; };
		70C8380E1C66534A00EDF0AF /* func_trigonometric.inl */ = {isa = PBXFileReference; fileEncoding = 4; lastKnownFileType = text; path = func_trigonometric.inl; sourceTree = "<group>"; };
		70C8380F1C66534A00EDF0AF /* func_vector_relational.hpp */ = {isa = PBXFileReference; fileEncoding = 4; lastKnownFileType = sourcecode.cpp.h; path = func_vector_relational.hpp; sourceTree = "<group>"; };
		70C838101C66534A00EDF0AF /* func_vector_relational.inl */ = {isa = PBXFileReference; fileEncoding = 4; lastKnownFileType = text; path = func_vector_relational.inl; sourceTree = "<group>"; };
		70C838111C66534A00EDF0AF /* glm.cpp */ = {isa = PBXFileReference; fileEncoding = 4; lastKnownFileType = sourcecode.cpp.cpp; path = glm.cpp; sourceTree = "<group>"; };
		70C838121C66534A00EDF0AF /* intrinsic_common.hpp */ = {isa = PBXFileReference; fileEncoding = 4; lastKnownFileType = sourcecode.cpp.h; path = intrinsic_common.hpp; sourceTree = "<group>"; };
		70C838131C66534A00EDF0AF /* intrinsic_common.inl */ = {isa = PBXFileReference; fileEncoding = 4; lastKnownFileType = text; path = intrinsic_common.inl; sourceTree = "<group>"; };
		70C838141C66534A00EDF0AF /* intrinsic_exponential.hpp */ = {isa = PBXFileReference; fileEncoding = 4; lastKnownFileType = sourcecode.cpp.h; path = intrinsic_exponential.hpp; sourceTree = "<group>"; };
		70C838151C66534A00EDF0AF /* intrinsic_exponential.inl */ = {isa = PBXFileReference; fileEncoding = 4; lastKnownFileType = text; path = intrinsic_exponential.inl; sourceTree = "<group>"; };
		70C838161C66534A00EDF0AF /* intrinsic_geometric.hpp */ = {isa = PBXFileReference; fileEncoding = 4; lastKnownFileType = sourcecode.cpp.h; path = intrinsic_geometric.hpp; sourceTree = "<group>"; };
		70C838171C66534A00EDF0AF /* intrinsic_geometric.inl */ = {isa = PBXFileReference; fileEncoding = 4; lastKnownFileType = text; path = intrinsic_geometric.inl; sourceTree = "<group>"; };
		70C838181C66534A00EDF0AF /* intrinsic_integer.hpp */ = {isa = PBXFileReference; fileEncoding = 4; lastKnownFileType = sourcecode.cpp.h; path = intrinsic_integer.hpp; sourceTree = "<group>"; };
		70C838191C66534A00EDF0AF /* intrinsic_integer.inl */ = {isa = PBXFileReference; fileEncoding = 4; lastKnownFileType = text; path = intrinsic_integer.inl; sourceTree = "<group>"; };
		70C8381A1C66534A00EDF0AF /* intrinsic_matrix.hpp */ = {isa = PBXFileReference; fileEncoding = 4; lastKnownFileType = sourcecode.cpp.h; path = intrinsic_matrix.hpp; sourceTree = "<group>"; };
		70C8381B1C66534A00EDF0AF /* intrinsic_matrix.inl */ = {isa = PBXFileReference; fileEncoding = 4; lastKnownFileType = text; path = intrinsic_matrix.inl; sourceTree = "<group>"; };
		70C8381C1C66534A00EDF0AF /* intrinsic_trigonometric.hpp */ = {isa = PBXFileReference; fileEncoding = 4; lastKnownFileType = sourcecode.cpp.h; path = intrinsic_trigonometric.hpp; sourceTree = "<group>"; };
		70C8381D1C66534A00EDF0AF /* intrinsic_trigonometric.inl */ = {isa = PBXFileReference; fileEncoding = 4; lastKnownFileType = text; path = intrinsic_trigonometric.inl; sourceTree = "<group>"; };
		70C8381E1C66534A00EDF0AF /* intrinsic_vector_relational.hpp */ = {isa = PBXFileReference; fileEncoding = 4; lastKnownFileType = sourcecode.cpp.h; path = intrinsic_vector_relational.hpp; sourceTree = "<group>"; };
		70C8381F1C66534A00EDF0AF /* intrinsic_vector_relational.inl */ = {isa = PBXFileReference; fileEncoding = 4; lastKnownFileType = text; path = intrinsic_vector_relational.inl; sourceTree = "<group>"; };
		70C838201C66534A00EDF0AF /* precision.hpp */ = {isa = PBXFileReference; fileEncoding = 4; lastKnownFileType = sourcecode.cpp.h; path = precision.hpp; sourceTree = "<group>"; };
		70C838211C66534A00EDF0AF /* setup.hpp */ = {isa = PBXFileReference; fileEncoding = 4; lastKnownFileType = sourcecode.cpp.h; path = setup.hpp; sourceTree = "<group>"; };
		70C838221C66534A00EDF0AF /* type_float.hpp */ = {isa = PBXFileReference; fileEncoding = 4; lastKnownFileType = sourcecode.cpp.h; path = type_float.hpp; sourceTree = "<group>"; };
		70C838231C66534A00EDF0AF /* type_gentype.hpp */ = {isa = PBXFileReference; fileEncoding = 4; lastKnownFileType = sourcecode.cpp.h; path = type_gentype.hpp; sourceTree = "<group>"; };
		70C838241C66534A00EDF0AF /* type_gentype.inl */ = {isa = PBXFileReference; fileEncoding = 4; lastKnownFileType = text; path = type_gentype.inl; sourceTree = "<group>"; };
		70C838251C66534A00EDF0AF /* type_half.hpp */ = {isa = PBXFileReference; fileEncoding = 4; lastKnownFileType = sourcecode.cpp.h; path = type_half.hpp; sourceTree = "<group>"; };
		70C838261C66534A00EDF0AF /* type_half.inl */ = {isa = PBXFileReference; fileEncoding = 4; lastKnownFileType = text; path = type_half.inl; sourceTree = "<group>"; };
		70C838271C66534A00EDF0AF /* type_int.hpp */ = {isa = PBXFileReference; fileEncoding = 4; lastKnownFileType = sourcecode.cpp.h; path = type_int.hpp; sourceTree = "<group>"; };
		70C838281C66534A00EDF0AF /* type_mat.hpp */ = {isa = PBXFileReference; fileEncoding = 4; lastKnownFileType = sourcecode.cpp.h; path = type_mat.hpp; sourceTree = "<group>"; };
		70C838291C66534A00EDF0AF /* type_mat.inl */ = {isa = PBXFileReference; fileEncoding = 4; lastKnownFileType = text; path = type_mat.inl; sourceTree = "<group>"; };
		70C8382A1C66534A00EDF0AF /* type_mat2x2.hpp */ = {isa = PBXFileReference; fileEncoding = 4; lastKnownFileType = sourcecode.cpp.h; path = type_mat2x2.hpp; sourceTree = "<group>"; };
		70C8382B1C66534A00EDF0AF /* type_mat2x2.inl */ = {isa = PBXFileReference; fileEncoding = 4; lastKnownFileType = text; path = type_mat2x2.inl; sourceTree = "<group>"; };
		70C8382C1C66534A00EDF0AF /* type_mat2x3.hpp */ = {isa = PBXFileReference; fileEncoding = 4; lastKnownFileType = sourcecode.cpp.h; path = type_mat2x3.hpp; sourceTree = "<group>"; };
		70C8382D1C66534A00EDF0AF /* type_mat2x3.inl */ = {isa = PBXFileReference; fileEncoding = 4; lastKnownFileType = text; path = type_mat2x3.inl; sourceTree = "<group>"; };
		70C8382E1C66534A00EDF0AF /* type_mat2x4.hpp */ = {isa = PBXFileReference; fileEncoding = 4; lastKnownFileType = sourcecode.cpp.h; path = type_mat2x4.hpp; sourceTree = "<group>"; };
		70C8382F1C66534A00EDF0AF /* type_mat2x4.inl */ = {isa = PBXFileReference; fileEncoding = 4; lastKnownFileType = text; path = type_mat2x4.inl; sourceTree = "<group>"; };
		70C838301C66534A00EDF0AF /* type_mat3x2.hpp */ = {isa = PBXFileReference; fileEncoding = 4; lastKnownFileType = sourcecode.cpp.h; path = type_mat3x2.hpp; sourceTree = "<group>"; };
		70C838311C66534A00EDF0AF /* type_mat3x2.inl */ = {isa = PBXFileReference; fileEncoding = 4; lastKnownFileType = text; path = type_mat3x2.inl; sourceTree = "<group>"; };
		70C838321C66534A00EDF0AF /* type_mat3x3.hpp */ = {isa = PBXFileReference; fileEncoding = 4; lastKnownFileType = sourcecode.cpp.h; path = type_mat3x3.hpp; sourceTree = "<group>"; };
		70C838331C66534A00EDF0AF /* type_mat3x3.inl */ = {isa = PBXFileReference; fileEncoding = 4; lastKnownFileType = text; path = type_mat3x3.inl; sourceTree = "<group>"; };
		70C838341C66534A00EDF0AF /* type_mat3x4.hpp */ = {isa = PBXFileReference; fileEncoding = 4; lastKnownFileType = sourcecode.cpp.h; path = type_mat3x4.hpp; sourceTree = "<group>"; };
		70C838351C66534A00EDF0AF /* type_mat3x4.inl */ = {isa = PBXFileReference; fileEncoding = 4; lastKnownFileType = text; path = type_mat3x4.inl; sourceTree = "<group>"; };
		70C838361C66534A00EDF0AF /* type_mat4x2.hpp */ = {isa = PBXFileReference; fileEncoding = 4; lastKnownFileType = sourcecode.cpp.h; path = type_mat4x2.hpp; sourceTree = "<group>"; };
		70C838371C66534A00EDF0AF /* type_mat4x2.inl */ = {isa = PBXFileReference; fileEncoding = 4; lastKnownFileType = text; path = type_mat4x2.inl; sourceTree = "<group>"; };
		70C838381C66534A00EDF0AF /* type_mat4x3.hpp */ = {isa = PBXFileReference; fileEncoding = 4; lastKnownFileType = sourcecode.cpp.h; path = type_mat4x3.hpp; sourceTree = "<group>"; };
		70C838391C66534A00EDF0AF /* type_mat4x3.inl */ = {isa = PBXFileReference; fileEncoding = 4; lastKnownFileType = text; path = type_mat4x3.inl; sourceTree = "<group>"; };
		70C8383A1C66534A00EDF0AF /* type_mat4x4.hpp */ = {isa = PBXFileReference; fileEncoding = 4; lastKnownFileType = sourcecode.cpp.h; path = type_mat4x4.hpp; sourceTree = "<group>"; };
		70C8383B1C66534A00EDF0AF /* type_mat4x4.inl */ = {isa = PBXFileReference; fileEncoding = 4; lastKnownFileType = text; path = type_mat4x4.inl; sourceTree = "<group>"; };
		70C8383C1C66534A00EDF0AF /* type_vec.hpp */ = {isa = PBXFileReference; fileEncoding = 4; lastKnownFileType = sourcecode.cpp.h; path = type_vec.hpp; sourceTree = "<group>"; };
		70C8383D1C66534A00EDF0AF /* type_vec.inl */ = {isa = PBXFileReference; fileEncoding = 4; lastKnownFileType = text; path = type_vec.inl; sourceTree = "<group>"; };
		70C8383E1C66534A00EDF0AF /* type_vec1.hpp */ = {isa = PBXFileReference; fileEncoding = 4; lastKnownFileType = sourcecode.cpp.h; path = type_vec1.hpp; sourceTree = "<group>"; };
		70C8383F1C66534A00EDF0AF /* type_vec1.inl */ = {isa = PBXFileReference; fileEncoding = 4; lastKnownFileType = text; path = type_vec1.inl; sourceTree = "<group>"; };
		70C838401C66534A00EDF0AF /* type_vec2.hpp */ = {isa = PBXFileReference; fileEncoding = 4; lastKnownFileType = sourcecode.cpp.h; path = type_vec2.hpp; sourceTree = "<group>"; };
		70C838411C66534A00EDF0AF /* type_vec2.inl */ = {isa = PBXFileReference; fileEncoding = 4; lastKnownFileType = text; path = type_vec2.inl; sourceTree = "<group>"; };
		70C838421C66534A00EDF0AF /* type_vec3.hpp */ = {isa = PBXFileReference; fileEncoding = 4; lastKnownFileType = sourcecode.cpp.h; path = type_vec3.hpp; sourceTree = "<group>"; };
		70C838431C66534A00EDF0AF /* type_vec3.inl */ = {isa = PBXFileReference; fileEncoding = 4; lastKnownFileType = text; path = type_vec3.inl; sourceTree = "<group>"; };
		70C838441C66534A00EDF0AF /* type_vec4.hpp */ = {isa = PBXFileReference; fileEncoding = 4; lastKnownFileType = sourcecode.cpp.h; path = type_vec4.hpp; sourceTree = "<group>"; };
		70C838451C66534A00EDF0AF /* type_vec4.inl */ = {isa = PBXFileReference; fileEncoding = 4; lastKnownFileType = text; path = type_vec4.inl; sourceTree = "<group>"; };
		70C838461C66534A00EDF0AF /* type_vec4_avx.inl */ = {isa = PBXFileReference; fileEncoding = 4; lastKnownFileType = text; path = type_vec4_avx.inl; sourceTree = "<group>"; };
		70C838471C66534A00EDF0AF /* type_vec4_avx2.inl */ = {isa = PBXFileReference; fileEncoding = 4; lastKnownFileType = text; path = type_vec4_avx2.inl; sourceTree = "<group>"; };
		70C838481C66534A00EDF0AF /* type_vec4_sse2.inl */ = {isa = PBXFileReference; fileEncoding = 4; lastKnownFileType = text; path = type_vec4_sse2.inl; sourceTree = "<group>"; };
		70C838491C66534A00EDF0AF /* exponential.hpp */ = {isa = PBXFileReference; fileEncoding = 4; lastKnownFileType = sourcecode.cpp.h; path = exponential.hpp; sourceTree = "<group>"; };
		70C8384A1C66534A00EDF0AF /* ext.hpp */ = {isa = PBXFileReference; fileEncoding = 4; lastKnownFileType = sourcecode.cpp.h; path = ext.hpp; sourceTree = "<group>"; };
		70C8384B1C66534A00EDF0AF /* fwd.hpp */ = {isa = PBXFileReference; fileEncoding = 4; lastKnownFileType = sourcecode.cpp.h; path = fwd.hpp; sourceTree = "<group>"; };
		70C8384C1C66534A00EDF0AF /* geometric.hpp */ = {isa = PBXFileReference; fileEncoding = 4; lastKnownFileType = sourcecode.cpp.h; path = geometric.hpp; sourceTree = "<group>"; };
		70C8384D1C66534A00EDF0AF /* glm.hpp */ = {isa = PBXFileReference; fileEncoding = 4; lastKnownFileType = sourcecode.cpp.h; path = glm.hpp; sourceTree = "<group>"; };
		70C8384F1C66534A00EDF0AF /* bitfield.hpp */ = {isa = PBXFileReference; fileEncoding = 4; lastKnownFileType = sourcecode.cpp.h; path = bitfield.hpp; sourceTree = "<group>"; };
		70C838501C66534A00EDF0AF /* bitfield.inl */ = {isa = PBXFileReference; fileEncoding = 4; lastKnownFileType = text; path = bitfield.inl; sourceTree = "<group>"; };
		70C838511C66534A00EDF0AF /* color_space.hpp */ = {isa = PBXFileReference; fileEncoding = 4; lastKnownFileType = sourcecode.cpp.h; path = color_space.hpp; sourceTree = "<group>"; };
		70C838521C66534A00EDF0AF /* color_space.inl */ = {isa = PBXFileReference; fileEncoding = 4; lastKnownFileType = text; path = color_space.inl; sourceTree = "<group>"; };
		70C838531C66534A00EDF0AF /* constants.hpp */ = {isa = PBXFileReference; fileEncoding = 4; lastKnownFileType = sourcecode.cpp.h; path = constants.hpp; sourceTree = "<group>"; };
		70C838541C66534A00EDF0AF /* constants.inl */ = {isa = PBXFileReference; fileEncoding = 4; lastKnownFileType = text; path = constants.inl; sourceTree = "<group>"; };
		70C838551C66534A00EDF0AF /* epsilon.hpp */ = {isa = PBXFileReference; fileEncoding = 4; lastKnownFileType = sourcecode.cpp.h; path = epsilon.hpp; sourceTree = "<group>"; };
		70C838561C66534A00EDF0AF /* epsilon.inl */ = {isa = PBXFileReference; fileEncoding = 4; lastKnownFileType = text; path = epsilon.inl; sourceTree = "<group>"; };
		70C838571C66534A00EDF0AF /* integer.hpp */ = {isa = PBXFileReference; fileEncoding = 4; lastKnownFileType = sourcecode.cpp.h; path = integer.hpp; sourceTree = "<group>"; };
		70C838581C66534A00EDF0AF /* integer.inl */ = {isa = PBXFileReference; fileEncoding = 4; lastKnownFileType = text; path = integer.inl; sourceTree = "<group>"; };
		70C838591C66534A00EDF0AF /* matrix_access.hpp */ = {isa = PBXFileReference; fileEncoding = 4; lastKnownFileType = sourcecode.cpp.h; path = matrix_access.hpp; sourceTree = "<group>"; };
		70C8385A1C66534A00EDF0AF /* matrix_access.inl */ = {isa = PBXFileReference; fileEncoding = 4; lastKnownFileType = text; path = matrix_access.inl; sourceTree = "<group>"; };
		70C8385B1C66534A00EDF0AF /* matrix_integer.hpp */ = {isa = PBXFileReference; fileEncoding = 4; lastKnownFileType = sourcecode.cpp.h; path = matrix_integer.hpp; sourceTree = "<group>"; };
		70C8385C1C66534A00EDF0AF /* matrix_inverse.hpp */ = {isa = PBXFileReference; fileEncoding = 4; lastKnownFileType = sourcecode.cpp.h; path = matrix_inverse.hpp; sourceTree = "<group>"; };
		70C8385D1C66534A00EDF0AF /* matrix_inverse.inl */ = {isa = PBXFileReference; fileEncoding = 4; lastKnownFileType = text; path = matrix_inverse.inl; sourceTree = "<group>"; };
		70C8385E1C66534A00EDF0AF /* matrix_transform.hpp */ = {isa = PBXFileReference; fileEncoding = 4; lastKnownFileType = sourcecode.cpp.h; path = matrix_transform.hpp; sourceTree = "<group>"; };
		70C8385F1C66534A00EDF0AF /* matrix_transform.inl */ = {isa = PBXFileReference; fileEncoding = 4; lastKnownFileType = text; path = matrix_transform.inl; sourceTree = "<group>"; };
		70C838601C66534A00EDF0AF /* noise.hpp */ = {isa = PBXFileReference; fileEncoding = 4; lastKnownFileType = sourcecode.cpp.h; path = noise.hpp; sourceTree = "<group>"; };
		70C838611C66534A00EDF0AF /* noise.inl */ = {isa = PBXFileReference; fileEncoding = 4; lastKnownFileType = text; path = noise.inl; sourceTree = "<group>"; };
		70C838621C66534A00EDF0AF /* packing.hpp */ = {isa = PBXFileReference; fileEncoding = 4; lastKnownFileType = sourcecode.cpp.h; path = packing.hpp; sourceTree = "<group>"; };
		70C838631C66534A00EDF0AF /* packing.inl */ = {isa = PBXFileReference; fileEncoding = 4; lastKnownFileType = text; path = packing.inl; sourceTree = "<group>"; };
		70C838641C66534A00EDF0AF /* quaternion.hpp */ = {isa = PBXFileReference; fileEncoding = 4; lastKnownFileType = sourcecode.cpp.h; path = quaternion.hpp; sourceTree = "<group>"; };
		70C838651C66534A00EDF0AF /* quaternion.inl */ = {isa = PBXFileReference; fileEncoding = 4; lastKnownFileType = text; path = quaternion.inl; sourceTree = "<group>"; };
		70C838661C66534A00EDF0AF /* random.hpp */ = {isa = PBXFileReference; fileEncoding = 4; lastKnownFileType = sourcecode.cpp.h; path = random.hpp; sourceTree = "<group>"; };
		70C838671C66534A00EDF0AF /* random.inl */ = {isa = PBXFileReference; fileEncoding = 4; lastKnownFileType = text; path = random.inl; sourceTree = "<group>"; };
		70C838681C66534A00EDF0AF /* reciprocal.hpp */ = {isa = PBXFileReference; fileEncoding = 4; lastKnownFileType = sourcecode.cpp.h; path = reciprocal.hpp; sourceTree = "<group>"; };
		70C838691C66534A00EDF0AF /* reciprocal.inl */ = {isa = PBXFileReference; fileEncoding = 4; lastKnownFileType = text; path = reciprocal.inl; sourceTree = "<group>"; };
		70C8386A1C66534A00EDF0AF /* round.hpp */ = {isa = PBXFileReference; fileEncoding = 4; lastKnownFileType = sourcecode.cpp.h; path = round.hpp; sourceTree = "<group>"; };
		70C8386B1C66534A00EDF0AF /* round.inl */ = {isa = PBXFileReference; fileEncoding = 4; lastKnownFileType = text; path = round.inl; sourceTree = "<group>"; };
		70C8386C1C66534A00EDF0AF /* type_precision.hpp */ = {isa = PBXFileReference; fileEncoding = 4; lastKnownFileType = sourcecode.cpp.h; path = type_precision.hpp; sourceTree = "<group>"; };
		70C8386D1C66534A00EDF0AF /* type_precision.inl */ = {isa = PBXFileReference; fileEncoding = 4; lastKnownFileType = text; path = type_precision.inl; sourceTree = "<group>"; };
		70C8386E1C66534A00EDF0AF /* type_ptr.hpp */ = {isa = PBXFileReference; fileEncoding = 4; lastKnownFileType = sourcecode.cpp.h; path = type_ptr.hpp; sourceTree = "<group>"; };
		70C8386F1C66534A00EDF0AF /* type_ptr.inl */ = {isa = PBXFileReference; fileEncoding = 4; lastKnownFileType = text; path = type_ptr.inl; sourceTree = "<group>"; };
		70C838701C66534A00EDF0AF /* ulp.hpp */ = {isa = PBXFileReference; fileEncoding = 4; lastKnownFileType = sourcecode.cpp.h; path = ulp.hpp; sourceTree = "<group>"; };
		70C838711C66534A00EDF0AF /* ulp.inl */ = {isa = PBXFileReference; fileEncoding = 4; lastKnownFileType = text; path = ulp.inl; sourceTree = "<group>"; };
		70C838721C66534A00EDF0AF /* vec1.hpp */ = {isa = PBXFileReference; fileEncoding = 4; lastKnownFileType = sourcecode.cpp.h; path = vec1.hpp; sourceTree = "<group>"; };
		70C838731C66534A00EDF0AF /* vec1.inl */ = {isa = PBXFileReference; fileEncoding = 4; lastKnownFileType = text; path = vec1.inl; sourceTree = "<group>"; };
		70C838751C66534A00EDF0AF /* associated_min_max.hpp */ = {isa = PBXFileReference; fileEncoding = 4; lastKnownFileType = sourcecode.cpp.h; path = associated_min_max.hpp; sourceTree = "<group>"; };
		70C838761C66534A00EDF0AF /* associated_min_max.inl */ = {isa = PBXFileReference; fileEncoding = 4; lastKnownFileType = text; path = associated_min_max.inl; sourceTree = "<group>"; };
		70C838771C66534A00EDF0AF /* bit.hpp */ = {isa = PBXFileReference; fileEncoding = 4; lastKnownFileType = sourcecode.cpp.h; path = bit.hpp; sourceTree = "<group>"; };
		70C838781C66534A00EDF0AF /* bit.inl */ = {isa = PBXFileReference; fileEncoding = 4; lastKnownFileType = text; path = bit.inl; sourceTree = "<group>"; };
		70C838791C66534A00EDF0AF /* closest_point.hpp */ = {isa = PBXFileReference; fileEncoding = 4; lastKnownFileType = sourcecode.cpp.h; path = closest_point.hpp; sourceTree = "<group>"; };
		70C8387A1C66534A00EDF0AF /* closest_point.inl */ = {isa = PBXFileReference; fileEncoding = 4; lastKnownFileType = text; path = closest_point.inl; sourceTree = "<group>"; };
		70C8387B1C66534A00EDF0AF /* color_space.hpp */ = {isa = PBXFileReference; fileEncoding = 4; lastKnownFileType = sourcecode.cpp.h; path = color_space.hpp; sourceTree = "<group>"; };
		70C8387C1C66534A00EDF0AF /* color_space.inl */ = {isa = PBXFileReference; fileEncoding = 4; lastKnownFileType = text; path = color_space.inl; sourceTree = "<group>"; };
		70C8387D1C66534A00EDF0AF /* color_space_YCoCg.hpp */ = {isa = PBXFileReference; fileEncoding = 4; lastKnownFileType = sourcecode.cpp.h; path = color_space_YCoCg.hpp; sourceTree = "<group>"; };
		70C8387E1C66534A00EDF0AF /* color_space_YCoCg.inl */ = {isa = PBXFileReference; fileEncoding = 4; lastKnownFileType = text; path = color_space_YCoCg.inl; sourceTree = "<group>"; };
		70C8387F1C66534A00EDF0AF /* common.hpp */ = {isa = PBXFileReference; fileEncoding = 4; lastKnownFileType = sourcecode.cpp.h; path = common.hpp; sourceTree = "<group>"; };
		70C838801C66534A00EDF0AF /* common.inl */ = {isa = PBXFileReference; fileEncoding = 4; lastKnownFileType = text; path = common.inl; sourceTree = "<group>"; };
		70C838811C66534A00EDF0AF /* compatibility.hpp */ = {isa = PBXFileReference; fileEncoding = 4; lastKnownFileType = sourcecode.cpp.h; path = compatibility.hpp; sourceTree = "<group>"; };
		70C838821C66534A00EDF0AF /* compatibility.inl */ = {isa = PBXFileReference; fileEncoding = 4; lastKnownFileType = text; path = compatibility.inl; sourceTree = "<group>"; };
		70C838831C66534A00EDF0AF /* component_wise.hpp */ = {isa = PBXFileReference; fileEncoding = 4; lastKnownFileType = sourcecode.cpp.h; path = component_wise.hpp; sourceTree = "<group>"; };
		70C838841C66534A00EDF0AF /* component_wise.inl */ = {isa = PBXFileReference; fileEncoding = 4; lastKnownFileType = text; path = component_wise.inl; sourceTree = "<group>"; };
		70C838851C66534A00EDF0AF /* dual_quaternion.hpp */ = {isa = PBXFileReference; fileEncoding = 4; lastKnownFileType = sourcecode.cpp.h; path = dual_quaternion.hpp; sourceTree = "<group>"; };
		70C838861C66534A00EDF0AF /* dual_quaternion.inl */ = {isa = PBXFileReference; fileEncoding = 4; lastKnownFileType = text; path = dual_quaternion.inl; sourceTree = "<group>"; };
		70C838871C66534A00EDF0AF /* euler_angles.hpp */ = {isa = PBXFileReference; fileEncoding = 4; lastKnownFileType = sourcecode.cpp.h; path = euler_angles.hpp; sourceTree = "<group>"; };
		70C838881C66534A00EDF0AF /* euler_angles.inl */ = {isa = PBXFileReference; fileEncoding = 4; lastKnownFileType = text; path = euler_angles.inl; sourceTree = "<group>"; };
		70C838891C66534A00EDF0AF /* extend.hpp */ = {isa = PBXFileReference; fileEncoding = 4; lastKnownFileType = sourcecode.cpp.h; path = extend.hpp; sourceTree = "<group>"; };
		70C8388A1C66534A00EDF0AF /* extend.inl */ = {isa = PBXFileReference; fileEncoding = 4; lastKnownFileType = text; path = extend.inl; sourceTree = "<group>"; };
		70C8388B1C66534A00EDF0AF /* extented_min_max.hpp */ = {isa = PBXFileReference; fileEncoding = 4; lastKnownFileType = sourcecode.cpp.h; path = extented_min_max.hpp; sourceTree = "<group>"; };
		70C8388C1C66534A00EDF0AF /* extented_min_max.inl */ = {isa = PBXFileReference; fileEncoding = 4; lastKnownFileType = text; path = extented_min_max.inl; sourceTree = "<group>"; };
		70C8388D1C66534A00EDF0AF /* fast_exponential.hpp */ = {isa = PBXFileReference; fileEncoding = 4; lastKnownFileType = sourcecode.cpp.h; path = fast_exponential.hpp; sourceTree = "<group>"; };
		70C8388E1C66534A00EDF0AF /* fast_exponential.inl */ = {isa = PBXFileReference; fileEncoding = 4; lastKnownFileType = text; path = fast_exponential.inl; sourceTree = "<group>"; };
		70C8388F1C66534A00EDF0AF /* fast_square_root.hpp */ = {isa = PBXFileReference; fileEncoding = 4; lastKnownFileType = sourcecode.cpp.h; path = fast_square_root.hpp; sourceTree = "<group>"; };
		70C838901C66534A00EDF0AF /* fast_square_root.inl */ = {isa = PBXFileReference; fileEncoding = 4; lastKnownFileType = text; path = fast_square_root.inl; sourceTree = "<group>"; };
		70C838911C66534A00EDF0AF /* fast_trigonometry.hpp */ = {isa = PBXFileReference; fileEncoding = 4; lastKnownFileType = sourcecode.cpp.h; path = fast_trigonometry.hpp; sourceTree = "<group>"; };
		70C838921C66534A00EDF0AF /* fast_trigonometry.inl */ = {isa = PBXFileReference; fileEncoding = 4; lastKnownFileType = text; path = fast_trigonometry.inl; sourceTree = "<group>"; };
		70C838931C66534A00EDF0AF /* gradient_paint.hpp */ = {isa = PBXFileReference; fileEncoding = 4; lastKnownFileType = sourcecode.cpp.h; path = gradient_paint.hpp; sourceTree = "<group>"; };
		70C838941C66534A00EDF0AF /* gradient_paint.inl */ = {isa = PBXFileReference; fileEncoding = 4; lastKnownFileType = text; path = gradient_paint.inl; sourceTree = "<group>"; };
		70C838951C66534A00EDF0AF /* handed_coordinate_space.hpp */ = {isa = PBXFileReference; fileEncoding = 4; lastKnownFileType = sourcecode.cpp.h; path = handed_coordinate_space.hpp; sourceTree = "<group>"; };
		70C838961C66534A00EDF0AF /* handed_coordinate_space.inl */ = {isa = PBXFileReference; fileEncoding = 4; lastKnownFileType = text; path = handed_coordinate_space.inl; sourceTree = "<group>"; };
		70C838971C66534A00EDF0AF /* hash.hpp */ = {isa = PBXFileReference; fileEncoding = 4; lastKnownFileType = sourcecode.cpp.h; path = hash.hpp; sourceTree = "<group>"; };
		70C838981C66534A00EDF0AF /* hash.inl */ = {isa = PBXFileReference; fileEncoding = 4; lastKnownFileType = text; path = hash.inl; sourceTree = "<group>"; };
		70C838991C66534A00EDF0AF /* integer.hpp */ = {isa = PBXFileReference; fileEncoding = 4; lastKnownFileType = sourcecode.cpp.h; path = integer.hpp; sourceTree = "<group>"; };
		70C8389A1C66534A00EDF0AF /* integer.inl */ = {isa = PBXFileReference; fileEncoding = 4; lastKnownFileType = text; path = integer.inl; sourceTree = "<group>"; };
		70C8389B1C66534A00EDF0AF /* intersect.hpp */ = {isa = PBXFileReference; fileEncoding = 4; lastKnownFileType = sourcecode.cpp.h; path = intersect.hpp; sourceTree = "<group>"; };
		70C8389C1C66534A00EDF0AF /* intersect.inl */ = {isa = PBXFileReference; fileEncoding = 4; lastKnownFileType = text; path = intersect.inl; sourceTree = "<group>"; };
		70C8389D1C66534A00EDF0AF /* io.hpp */ = {isa = PBXFileReference; fileEncoding = 4; lastKnownFileType = sourcecode.cpp.h; path = io.hpp; sourceTree = "<group>"; };
		70C8389E1C66534A00EDF0AF /* io.inl */ = {isa = PBXFileReference; fileEncoding = 4; lastKnownFileType = text; path = io.inl; sourceTree = "<group>"; };
		70C8389F1C66534A00EDF0AF /* log_base.hpp */ = {isa = PBXFileReference; fileEncoding = 4; lastKnownFileType = sourcecode.cpp.h; path = log_base.hpp; sourceTree = "<group>"; };
		70C838A01C66534A00EDF0AF /* log_base.inl */ = {isa = PBXFileReference; fileEncoding = 4; lastKnownFileType = text; path = log_base.inl; sourceTree = "<group>"; };
		70C838A11C66534A00EDF0AF /* matrix_cross_product.hpp */ = {isa = PBXFileReference; fileEncoding = 4; lastKnownFileType = sourcecode.cpp.h; path = matrix_cross_product.hpp; sourceTree = "<group>"; };
		70C838A21C66534A00EDF0AF /* matrix_cross_product.inl */ = {isa = PBXFileReference; fileEncoding = 4; lastKnownFileType = text; path = matrix_cross_product.inl; sourceTree = "<group>"; };
		70C838A31C66534A00EDF0AF /* matrix_decompose.hpp */ = {isa = PBXFileReference; fileEncoding = 4; lastKnownFileType = sourcecode.cpp.h; path = matrix_decompose.hpp; sourceTree = "<group>"; };
		70C838A41C66534A00EDF0AF /* matrix_decompose.inl */ = {isa = PBXFileReference; fileEncoding = 4; lastKnownFileType = text; path = matrix_decompose.inl; sourceTree = "<group>"; };
		70C838A51C66534A00EDF0AF /* matrix_interpolation.hpp */ = {isa = PBXFileReference; fileEncoding = 4; lastKnownFileType = sourcecode.cpp.h; path = matrix_interpolation.hpp; sourceTree = "<group>"; };
		70C838A61C66534A00EDF0AF /* matrix_interpolation.inl */ = {isa = PBXFileReference; fileEncoding = 4; lastKnownFileType = text; path = matrix_interpolation.inl; sourceTree = "<group>"; };
		70C838A71C66534A00EDF0AF /* matrix_major_storage.hpp */ = {isa = PBXFileReference; fileEncoding = 4; lastKnownFileType = sourcecode.cpp.h; path = matrix_major_storage.hpp; sourceTree = "<group>"; };
		70C838A81C66534A00EDF0AF /* matrix_major_storage.inl */ = {isa = PBXFileReference; fileEncoding = 4; lastKnownFileType = text; path = matrix_major_storage.inl; sourceTree = "<group>"; };
		70C838A91C66534A00EDF0AF /* matrix_operation.hpp */ = {isa = PBXFileReference; fileEncoding = 4; lastKnownFileType = sourcecode.cpp.h; path = matrix_operation.hpp; sourceTree = "<group>"; };
		70C838AA1C66534A00EDF0AF /* matrix_operation.inl */ = {isa = PBXFileReference; fileEncoding = 4; lastKnownFileType = text; path = matrix_operation.inl; sourceTree = "<group>"; };
		70C838AB1C66534A00EDF0AF /* matrix_query.hpp */ = {isa = PBXFileReference; fileEncoding = 4; lastKnownFileType = sourcecode.cpp.h; path = matrix_query.hpp; sourceTree = "<group>"; };
		70C838AC1C66534A00EDF0AF /* matrix_query.inl */ = {isa = PBXFileReference; fileEncoding = 4; lastKnownFileType = text; path = matrix_query.inl; sourceTree = "<group>"; };
		70C838AD1C66534A00EDF0AF /* matrix_transform_2d.hpp */ = {isa = PBXFileReference; fileEncoding = 4; lastKnownFileType = sourcecode.cpp.h; path = matrix_transform_2d.hpp; sourceTree = "<group>"; };
		70C838AE1C66534A00EDF0AF /* matrix_transform_2d.inl */ = {isa = PBXFileReference; fileEncoding = 4; lastKnownFileType = text; path = matrix_transform_2d.inl; sourceTree = "<group>"; };
		70C838AF1C66534A00EDF0AF /* mixed_product.hpp */ = {isa = PBXFileReference; fileEncoding = 4; lastKnownFileType = sourcecode.cpp.h; path = mixed_product.hpp; sourceTree = "<group>"; };
		70C838B01C66534A00EDF0AF /* mixed_product.inl */ = {isa = PBXFileReference; fileEncoding = 4; lastKnownFileType = text; path = mixed_product.inl; sourceTree = "<group>"; };
		70C838B11C66534A00EDF0AF /* norm.hpp */ = {isa = PBXFileReference; fileEncoding = 4; lastKnownFileType = sourcecode.cpp.h; path = norm.hpp; sourceTree = "<group>"; };
		70C838B21C66534A00EDF0AF /* norm.inl */ = {isa = PBXFileReference; fileEncoding = 4; lastKnownFileType = text; path = norm.inl; sourceTree = "<group>"; };
		70C838B31C66534A00EDF0AF /* normal.hpp */ = {isa = PBXFileReference; fileEncoding = 4; lastKnownFileType = sourcecode.cpp.h; path = normal.hpp; sourceTree = "<group>"; };
		70C838B41C66534A00EDF0AF /* normal.inl */ = {isa = PBXFileReference; fileEncoding = 4; lastKnownFileType = text; path = normal.inl; sourceTree = "<group>"; };
		70C838B51C66534A00EDF0AF /* normalize_dot.hpp */ = {isa = PBXFileReference; fileEncoding = 4; lastKnownFileType = sourcecode.cpp.h; path = normalize_dot.hpp; sourceTree = "<group>"; };
		70C838B61C66534A00EDF0AF /* normalize_dot.inl */ = {isa = PBXFileReference; fileEncoding = 4; lastKnownFileType = text; path = normalize_dot.inl; sourceTree = "<group>"; };
		70C838B71C66534A00EDF0AF /* number_precision.hpp */ = {isa = PBXFileReference; fileEncoding = 4; lastKnownFileType = sourcecode.cpp.h; path = number_precision.hpp; sourceTree = "<group>"; };
		70C838B81C66534A00EDF0AF /* number_precision.inl */ = {isa = PBXFileReference; fileEncoding = 4; lastKnownFileType = text; path = number_precision.inl; sourceTree = "<group>"; };
		70C838B91C66534A00EDF0AF /* optimum_pow.hpp */ = {isa = PBXFileReference; fileEncoding = 4; lastKnownFileType = sourcecode.cpp.h; path = optimum_pow.hpp; sourceTree = "<group>"; };
		70C838BA1C66534A00EDF0AF /* optimum_pow.inl */ = {isa = PBXFileReference; fileEncoding = 4; lastKnownFileType = text; path = optimum_pow.inl; sourceTree = "<group>"; };
		70C838BB1C66534A00EDF0AF /* orthonormalize.hpp */ = {isa = PBXFileReference; fileEncoding = 4; lastKnownFileType = sourcecode.cpp.h; path = orthonormalize.hpp; sourceTree = "<group>"; };
		70C838BC1C66534A00EDF0AF /* orthonormalize.inl */ = {isa = PBXFileReference; fileEncoding = 4; lastKnownFileType = text; path = orthonormalize.inl; sourceTree = "<group>"; };
		70C838BD1C66534A00EDF0AF /* perpendicular.hpp */ = {isa = PBXFileReference; fileEncoding = 4; lastKnownFileType = sourcecode.cpp.h; path = perpendicular.hpp; sourceTree = "<group>"; };
		70C838BE1C66534A00EDF0AF /* perpendicular.inl */ = {isa = PBXFileReference; fileEncoding = 4; lastKnownFileType = text; path = perpendicular.inl; sourceTree = "<group>"; };
		70C838BF1C66534A00EDF0AF /* polar_coordinates.hpp */ = {isa = PBXFileReference; fileEncoding = 4; lastKnownFileType = sourcecode.cpp.h; path = polar_coordinates.hpp; sourceTree = "<group>"; };
		70C838C01C66534A00EDF0AF /* polar_coordinates.inl */ = {isa = PBXFileReference; fileEncoding = 4; lastKnownFileType = text; path = polar_coordinates.inl; sourceTree = "<group>"; };
		70C838C11C66534A00EDF0AF /* projection.hpp */ = {isa = PBXFileReference; fileEncoding = 4; lastKnownFileType = sourcecode.cpp.h; path = projection.hpp; sourceTree = "<group>"; };
		70C838C21C66534A00EDF0AF /* projection.inl */ = {isa = PBXFileReference; fileEncoding = 4; lastKnownFileType = text; path = projection.inl; sourceTree = "<group>"; };
		70C838C31C66534A00EDF0AF /* quaternion.hpp */ = {isa = PBXFileReference; fileEncoding = 4; lastKnownFileType = sourcecode.cpp.h; path = quaternion.hpp; sourceTree = "<group>"; };
		70C838C41C66534A00EDF0AF /* quaternion.inl */ = {isa = PBXFileReference; fileEncoding = 4; lastKnownFileType = text; path = quaternion.inl; sourceTree = "<group>"; };
		70C838C51C66534A00EDF0AF /* range.hpp */ = {isa = PBXFileReference; fileEncoding = 4; lastKnownFileType = sourcecode.cpp.h; path = range.hpp; sourceTree = "<group>"; };
		70C838C61C66534A00EDF0AF /* raw_data.hpp */ = {isa = PBXFileReference; fileEncoding = 4; lastKnownFileType = sourcecode.cpp.h; path = raw_data.hpp; sourceTree = "<group>"; };
		70C838C71C66534A00EDF0AF /* raw_data.inl */ = {isa = PBXFileReference; fileEncoding = 4; lastKnownFileType = text; path = raw_data.inl; sourceTree = "<group>"; };
		70C838C81C66534A00EDF0AF /* rotate_normalized_axis.hpp */ = {isa = PBXFileReference; fileEncoding = 4; lastKnownFileType = sourcecode.cpp.h; path = rotate_normalized_axis.hpp; sourceTree = "<group>"; };
		70C838C91C66534A00EDF0AF /* rotate_normalized_axis.inl */ = {isa = PBXFileReference; fileEncoding = 4; lastKnownFileType = text; path = rotate_normalized_axis.inl; sourceTree = "<group>"; };
		70C838CA1C66534A00EDF0AF /* rotate_vector.hpp */ = {isa = PBXFileReference; fileEncoding = 4; lastKnownFileType = sourcecode.cpp.h; path = rotate_vector.hpp; sourceTree = "<group>"; };
		70C838CB1C66534A00EDF0AF /* rotate_vector.inl */ = {isa = PBXFileReference; fileEncoding = 4; lastKnownFileType = text; path = rotate_vector.inl; sourceTree = "<group>"; };
		70C838CC1C66534A00EDF0AF /* scalar_multiplication.hpp */ = {isa = PBXFileReference; fileEncoding = 4; lastKnownFileType = sourcecode.cpp.h; path = scalar_multiplication.hpp; sourceTree = "<group>"; };
		70C838CD1C66534A00EDF0AF /* scalar_relational.hpp */ = {isa = PBXFileReference; fileEncoding = 4; lastKnownFileType = sourcecode.cpp.h; path = scalar_relational.hpp; sourceTree = "<group>"; };
		70C838CE1C66534A00EDF0AF /* scalar_relational.inl */ = {isa = PBXFileReference; fileEncoding = 4; lastKnownFileType = text; path = scalar_relational.inl; sourceTree = "<group>"; };
		70C838CF1C66534A00EDF0AF /* simd_mat4.hpp */ = {isa = PBXFileReference; fileEncoding = 4; lastKnownFileType = sourcecode.cpp.h; path = simd_mat4.hpp; sourceTree = "<group>"; };
		70C838D01C66534A00EDF0AF /* simd_mat4.inl */ = {isa = PBXFileReference; fileEncoding = 4; lastKnownFileType = text; path = simd_mat4.inl; sourceTree = "<group>"; };
		70C838D11C66534A00EDF0AF /* simd_quat.hpp */ = {isa = PBXFileReference; fileEncoding = 4; lastKnownFileType = sourcecode.cpp.h; path = simd_quat.hpp; sourceTree = "<group>"; };
		70C838D21C66534A00EDF0AF /* simd_quat.inl */ = {isa = PBXFileReference; fileEncoding = 4; lastKnownFileType = text; path = simd_quat.inl; sourceTree = "<group>"; };
		70C838D31C66534A00EDF0AF /* simd_vec4.hpp */ = {isa = PBXFileReference; fileEncoding = 4; lastKnownFileType = sourcecode.cpp.h; path = simd_vec4.hpp; sourceTree = "<group>"; };
		70C838D41C66534A00EDF0AF /* simd_vec4.inl */ = {isa = PBXFileReference; fileEncoding = 4; lastKnownFileType = text; path = simd_vec4.inl; sourceTree = "<group>"; };
		70C838D51C66534A00EDF0AF /* spline.hpp */ = {isa = PBXFileReference; fileEncoding = 4; lastKnownFileType = sourcecode.cpp.h; path = spline.hpp; sourceTree = "<group>"; };
		70C838D61C66534A00EDF0AF /* spline.inl */ = {isa = PBXFileReference; fileEncoding = 4; lastKnownFileType = text; path = spline.inl; sourceTree = "<group>"; };
		70C838D71C66534A00EDF0AF /* std_based_type.hpp */ = {isa = PBXFileReference; fileEncoding = 4; lastKnownFileType = sourcecode.cpp.h; path = std_based_type.hpp; sourceTree = "<group>"; };
		70C838D81C66534A00EDF0AF /* std_based_type.inl */ = {isa = PBXFileReference; fileEncoding = 4; lastKnownFileType = text; path = std_based_type.inl; sourceTree = "<group>"; };
		70C838D91C66534A00EDF0AF /* string_cast.hpp */ = {isa = PBXFileReference; fileEncoding = 4; lastKnownFileType = sourcecode.cpp.h; path = string_cast.hpp; sourceTree = "<group>"; };
		70C838DA1C66534A00EDF0AF /* string_cast.inl */ = {isa = PBXFileReference; fileEncoding = 4; lastKnownFileType = text; path = string_cast.inl; sourceTree = "<group>"; };
		70C838DB1C66534A00EDF0AF /* transform.hpp */ = {isa = PBXFileReference; fileEncoding = 4; lastKnownFileType = sourcecode.cpp.h; path = transform.hpp; sourceTree = "<group>"; };
		70C838DC1C66534A00EDF0AF /* transform.inl */ = {isa = PBXFileReference; fileEncoding = 4; lastKnownFileType = text; path = transform.inl; sourceTree = "<group>"; };
		70C838DD1C66534A00EDF0AF /* transform2.hpp */ = {isa = PBXFileReference; fileEncoding = 4; lastKnownFileType = sourcecode.cpp.h; path = transform2.hpp; sourceTree = "<group>"; };
		70C838DE1C66534A00EDF0AF /* transform2.inl */ = {isa = PBXFileReference; fileEncoding = 4; lastKnownFileType = text; path = transform2.inl; sourceTree = "<group>"; };
		70C838DF1C66534A00EDF0AF /* type_aligned.hpp */ = {isa = PBXFileReference; fileEncoding = 4; lastKnownFileType = sourcecode.cpp.h; path = type_aligned.hpp; sourceTree = "<group>"; };
		70C838E01C66534A00EDF0AF /* type_aligned.inl */ = {isa = PBXFileReference; fileEncoding = 4; lastKnownFileType = text; path = type_aligned.inl; sourceTree = "<group>"; };
		70C838E11C66534A00EDF0AF /* vector_angle.hpp */ = {isa = PBXFileReference; fileEncoding = 4; lastKnownFileType = sourcecode.cpp.h; path = vector_angle.hpp; sourceTree = "<group>"; };
		70C838E21C66534A00EDF0AF /* vector_angle.inl */ = {isa = PBXFileReference; fileEncoding = 4; lastKnownFileType = text; path = vector_angle.inl; sourceTree = "<group>"; };
		70C838E31C66534A00EDF0AF /* vector_query.hpp */ = {isa = PBXFileReference; fileEncoding = 4; lastKnownFileType = sourcecode.cpp.h; path = vector_query.hpp; sourceTree = "<group>"; };
		70C838E41C66534A00EDF0AF /* vector_query.inl */ = {isa = PBXFileReference; fileEncoding = 4; lastKnownFileType = text; path = vector_query.inl; sourceTree = "<group>"; };
		70C838E51C66534A00EDF0AF /* wrap.hpp */ = {isa = PBXFileReference; fileEncoding = 4; lastKnownFileType = sourcecode.cpp.h; path = wrap.hpp; sourceTree = "<group>"; };
		70C838E61C66534A00EDF0AF /* wrap.inl */ = {isa = PBXFileReference; fileEncoding = 4; lastKnownFileType = text; path = wrap.inl; sourceTree = "<group>"; };
		70C838E71C66534A00EDF0AF /* integer.hpp */ = {isa = PBXFileReference; fileEncoding = 4; lastKnownFileType = sourcecode.cpp.h; path = integer.hpp; sourceTree = "<group>"; };
		70C838E81C66534A00EDF0AF /* mat2x2.hpp */ = {isa = PBXFileReference; fileEncoding = 4; lastKnownFileType = sourcecode.cpp.h; path = mat2x2.hpp; sourceTree = "<group>"; };
		70C838E91C66534A00EDF0AF /* mat2x3.hpp */ = {isa = PBXFileReference; fileEncoding = 4; lastKnownFileType = sourcecode.cpp.h; path = mat2x3.hpp; sourceTree = "<group>"; };
		70C838EA1C66534A00EDF0AF /* mat2x4.hpp */ = {isa = PBXFileReference; fileEncoding = 4; lastKnownFileType = sourcecode.cpp.h; path = mat2x4.hpp; sourceTree = "<group>"; };
		70C838EB1C66534A00EDF0AF /* mat3x2.hpp */ = {isa = PBXFileReference; fileEncoding = 4; lastKnownFileType = sourcecode.cpp.h; path = mat3x2.hpp; sourceTree = "<group>"; };
		70C838EC1C66534A00EDF0AF /* mat3x3.hpp */ = {isa = PBXFileReference; fileEncoding = 4; lastKnownFileType = sourcecode.cpp.h; path = mat3x3.hpp; sourceTree = "<group>"; };
		70C838ED1C66534A00EDF0AF /* mat3x4.hpp */ = {isa = PBXFileReference; fileEncoding = 4; lastKnownFileType = sourcecode.cpp.h; path = mat3x4.hpp; sourceTree = "<group>"; };
		70C838EE1C66534A00EDF0AF /* mat4x2.hpp */ = {isa = PBXFileReference; fileEncoding = 4; lastKnownFileType = sourcecode.cpp.h; path = mat4x2.hpp; sourceTree = "<group>"; };
		70C838EF1C66534A00EDF0AF /* mat4x3.hpp */ = {isa = PBXFileReference; fileEncoding = 4; lastKnownFileType = sourcecode.cpp.h; path = mat4x3.hpp; sourceTree = "<group>"; };
		70C838F01C66534A00EDF0AF /* mat4x4.hpp */ = {isa = PBXFileReference; fileEncoding = 4; lastKnownFileType = sourcecode.cpp.h; path = mat4x4.hpp; sourceTree = "<group>"; };
		70C838F11C66534A00EDF0AF /* matrix.hpp */ = {isa = PBXFileReference; fileEncoding = 4; lastKnownFileType = sourcecode.cpp.h; path = matrix.hpp; sourceTree = "<group>"; };
		70C838F21C66534A00EDF0AF /* packing.hpp */ = {isa = PBXFileReference; fileEncoding = 4; lastKnownFileType = sourcecode.cpp.h; path = packing.hpp; sourceTree = "<group>"; };
		70C838F31C66534A00EDF0AF /* trigonometric.hpp */ = {isa = PBXFileReference; fileEncoding = 4; lastKnownFileType = sourcecode.cpp.h; path = trigonometric.hpp; sourceTree = "<group>"; };
		70C838F41C66534A00EDF0AF /* vec2.hpp */ = {isa = PBXFileReference; fileEncoding = 4; lastKnownFileType = sourcecode.cpp.h; path = vec2.hpp; sourceTree = "<group>"; };
		70C838F51C66534A00EDF0AF /* vec3.hpp */ = {isa = PBXFileReference; fileEncoding = 4; lastKnownFileType = sourcecode.cpp.h; path = vec3.hpp; sourceTree = "<group>"; };
		70C838F61C66534A00EDF0AF /* vec4.hpp */ = {isa = PBXFileReference; fileEncoding = 4; lastKnownFileType = sourcecode.cpp.h; path = vec4.hpp; sourceTree = "<group>"; };
		70C838F71C66534A00EDF0AF /* vector_relational.hpp */ = {isa = PBXFileReference; fileEncoding = 4; lastKnownFileType = sourcecode.cpp.h; path = vector_relational.hpp; sourceTree = "<group>"; };
		70C838F81C66534A00EDF0AF /* Image.hpp */ = {isa = PBXFileReference; fileEncoding = 4; lastKnownFileType = sourcecode.cpp.h; name = Image.hpp; path = ../../../src/Image.hpp; sourceTree = "<group>"; };
		70C838F91C66534A00EDF0AF /* KdPhotonMappingRadianceProvider.hpp */ = {isa = PBXFileReference; fileEncoding = 4; lastKnownFileType = sourcecode.cpp.h; name = KdPhotonMappingRadianceProvider.hpp; path = ../../../src/KdPhotonMappingRadianceProvider.hpp; sourceTree = "<group>"; };
		70C838FA1C66534A00EDF0AF /* LiveImage.hpp */ = {isa = PBXFileReference; fileEncoding = 4; lastKnownFileType = sourcecode.cpp.h; name = LiveImage.hpp; path = ../../../src/LiveImage.hpp; sourceTree = "<group>"; };
		70C838FB1C66534A00EDF0AF /* main.cpp */ = {isa = PBXFileReference; fileEncoding = 4; lastKnownFileType = sourcecode.cpp.cpp; name = main.cpp; path = ../../../src/main.cpp; sourceTree = "<group>"; };
		70C838FC1C66534A00EDF0AF /* Material.hpp */ = {isa = PBXFileReference; fileEncoding = 4; lastKnownFileType = sourcecode.cpp.h; name = Material.hpp; path = ../../../src/Material.hpp; sourceTree = "<group>"; };
		70C838FD1C66534A00EDF0AF /* ModelLoader.hpp */ = {isa = PBXFileReference; fileEncoding = 4; lastKnownFileType = sourcecode.cpp.h; name = ModelLoader.hpp; path = ../../../src/ModelLoader.hpp; sourceTree = "<group>"; };
		70C838FF1C66534A00EDF0AF /* cube.obj */ = {isa = PBXFileReference; fileEncoding = 4; lastKnownFileType = text; path = cube.obj; sourceTree = "<group>"; };
		70C839001C66534A00EDF0AF /* diamond.obj */ = {isa = PBXFileReference; fileEncoding = 4; lastKnownFileType = text; path = diamond.obj; sourceTree = "<group>"; };
		70C839011C66534A00EDF0AF /* pyramid.obj */ = {isa = PBXFileReference; fileEncoding = 4; lastKnownFileType = text; path = pyramid.obj; sourceTree = "<group>"; };
		70C839021C66534A00EDF0AF /* rhino.obj */ = {isa = PBXFileReference; fileEncoding = 4; lastKnownFileType = text; path = rhino.obj; sourceTree = "<group>"; };
		70C839031C66534A00EDF0AF /* teapot.obj */ = {isa = PBXFileReference; fileEncoding = 4; lastKnownFileType = text; path = teapot.obj; sourceTree = "<group>"; };
		70C839041C66534A00EDF0AF /* Wine glass.obj */ = {isa = PBXFileReference; fileEncoding = 4; lastKnownFileType = text; path = "Wine glass.obj"; sourceTree = "<group>"; };
		70C839051C66534A00EDF0AF /* Wine glass_low.obj */ = {isa = PBXFileReference; fileEncoding = 4; lastKnownFileType = text; path = "Wine glass_low.obj"; sourceTree = "<group>"; };
		70C839061C66534A00EDF0AF /* nanoflann.hpp */ = {isa = PBXFileReference; fileEncoding = 4; lastKnownFileType = sourcecode.cpp.h; name = nanoflann.hpp; path = ../../../src/nanoflann.hpp; sourceTree = "<group>"; };
		70C839071C66534A00EDF0AF /* NanoFlannKdPMRP.hpp */ = {isa = PBXFileReference; fileEncoding = 4; lastKnownFileType = sourcecode.cpp.h; name = NanoFlannKdPMRP.hpp; path = ../../../src/NanoFlannKdPMRP.hpp; sourceTree = "<group>"; };
		70C839081C66534A00EDF0AF /* NanoFlannPhotonMap.h */ = {isa = PBXFileReference; fileEncoding = 4; lastKnownFileType = sourcecode.c.h; name = NanoFlannPhotonMap.h; path = ../../../src/NanoFlannPhotonMap.h; sourceTree = "<group>"; };
		70C8390B1C66534A00EDF0AF /* freeglut.dll */ = {isa = PBXFileReference; lastKnownFileType = file; path = freeglut.dll; sourceTree = "<group>"; };
		70C8390C1C66534A00EDF0AF /* glew32.dll */ = {isa = PBXFileReference; lastKnownFileType = file; path = glew32.dll; sourceTree = "<group>"; };
		70C8390D1C66534A00EDF0AF /* glfw3.dll */ = {isa = PBXFileReference; lastKnownFileType = file; path = glfw3.dll; sourceTree = "<group>"; };
		70C8390F1C66534A00EDF0AF /* freeglut.dll */ = {isa = PBXFileReference; lastKnownFileType = file; path = freeglut.dll; sourceTree = "<group>"; };
		70C839101C66534A00EDF0AF /* glew32.dll */ = {isa = PBXFileReference; lastKnownFileType = file; path = glew32.dll; sourceTree = "<group>"; };
		70C839111C66534A00EDF0AF /* glewinfo.exe */ = {isa = PBXFileReference; lastKnownFileType = file; path = glewinfo.exe; sourceTree = "<group>"; };
		70C839121C66534A00EDF0AF /* glfw3.dll */ = {isa = PBXFileReference; lastKnownFileType = file; path = glfw3.dll; sourceTree = "<group>"; };
		70C839131C66534A00EDF0AF /* visualinfo.exe */ = {isa = PBXFileReference; lastKnownFileType = file; path = visualinfo.exe; sourceTree = "<group>"; };
		70C839151C66534A00EDF0AF /* freeglut.dll */ = {isa = PBXFileReference; lastKnownFileType = file; path = freeglut.dll; sourceTree = "<group>"; };
		70C839161C66534A00EDF0AF /* glew32.dll */ = {isa = PBXFileReference; lastKnownFileType = file; path = glew32.dll; sourceTree = "<group>"; };
		70C839171C66534A00EDF0AF /* glewinfo.exe */ = {isa = PBXFileReference; lastKnownFileType = file; path = glewinfo.exe; sourceTree = "<group>"; };
		70C839181C66534A00EDF0AF /* glfw3.dll */ = {isa = PBXFileReference; lastKnownFileType = file; path = glfw3.dll; sourceTree = "<group>"; };
		70C839191C66534A00EDF0AF /* visualinfo.exe */ = {isa = PBXFileReference; lastKnownFileType = file; path = visualinfo.exe; sourceTree = "<group>"; };
		70C8391C1C66534A00EDF0AF /* freeglut.h */ = {isa = PBXFileReference; fileEncoding = 4; lastKnownFileType = sourcecode.c.h; path = freeglut.h; sourceTree = "<group>"; };
		70C8391D1C66534A00EDF0AF /* freeglut_ext.h */ = {isa = PBXFileReference; fileEncoding = 4; lastKnownFileType = sourcecode.c.h; path = freeglut_ext.h; sourceTree = "<group>"; };
		70C8391E1C66534A00EDF0AF /* freeglut_std.h */ = {isa = PBXFileReference; fileEncoding = 4; lastKnownFileType = sourcecode.c.h; path = freeglut_std.h; sourceTree = "<group>"; };
		70C8391F1C66534A00EDF0AF /* glew.h */ = {isa = PBXFileReference; fileEncoding = 4; lastKnownFileType = sourcecode.c.h; path = glew.h; sourceTree = "<group>"; };
		70C839201C66534A00EDF0AF /* glut.h */ = {isa = PBXFileReference; fileEncoding = 4; lastKnownFileType = sourcecode.c.h; path = glut.h; sourceTree = "<group>"; };
		70C839211C66534A00EDF0AF /* glxew.h */ = {isa = PBXFileReference; fileEncoding = 4; lastKnownFileType = sourcecode.c.h; path = glxew.h; sourceTree = "<group>"; };
		70C839221C66534A00EDF0AF /* wglew.h */ = {isa = PBXFileReference; fileEncoding = 4; lastKnownFileType = sourcecode.c.h; path = wglew.h; sourceTree = "<group>"; };
		70C839241C66534A00EDF0AF /* glfw3.h */ = {isa = PBXFileReference; fileEncoding = 4; lastKnownFileType = sourcecode.c.h; path = glfw3.h; sourceTree = "<group>"; };
		70C839251C66534A00EDF0AF /* glfw3native.h */ = {isa = PBXFileReference; fileEncoding = 4; lastKnownFileType = sourcecode.c.h; path = glfw3native.h; sourceTree = "<group>"; };
		70C839281C66534A00EDF0AF /* freeglut.lib */ = {isa = PBXFileReference; lastKnownFileType = archive.ar; path = freeglut.lib; sourceTree = "<group>"; };
		70C839291C66534A00EDF0AF /* glew32.lib */ = {isa = PBXFileReference; lastKnownFileType = archive.ar; path = glew32.lib; sourceTree = "<group>"; };
		70C8392A1C66534A00EDF0AF /* glfw3dll.lib */ = {isa = PBXFileReference; lastKnownFileType = archive.ar; path = glfw3dll.lib; sourceTree = "<group>"; };
		70C8392C1C66534A00EDF0AF /* freeglut.lib */ = {isa = PBXFileReference; lastKnownFileType = archive.ar; path = freeglut.lib; sourceTree = "<group>"; };
		70C8392D1C66534A00EDF0AF /* glew32.lib */ = {isa = PBXFileReference; lastKnownFileType = archive.ar; path = glew32.lib; sourceTree = "<group>"; };
		70C8392E1C66534A00EDF0AF /* glfw3dll.lib */ = {isa = PBXFileReference; lastKnownFileType = archive.ar; path = glfw3dll.lib; sourceTree = "<group>"; };
		70C839301C66534A00EDF0AF /* freeglut.lib */ = {isa = PBXFileReference; lastKnownFileType = archive.ar; path = freeglut.lib; sourceTree = "<group>"; };
		70C839311C66534A00EDF0AF /* glew32.lib */ = {isa = PBXFileReference; lastKnownFileType = archive.ar; path = glew32.lib; sourceTree = "<group>"; };
		70C839321C66534A00EDF0AF /* glfw3dll.lib */ = {isa = PBXFileReference; lastKnownFileType = archive.ar; path = glfw3dll.lib; sourceTree = "<group>"; };
		70C839331C66534A00EDF0AF /* PathTracingWithPhotonMappingRP.hpp */ = {isa = PBXFileReference; fileEncoding = 4; lastKnownFileType = sourcecode.cpp.h; name = PathTracingWithPhotonMappingRP.hpp; path = ../../../src/PathTracingWithPhotonMappingRP.hpp; sourceTree = "<group>"; };
		70C839341C66534A00EDF0AF /* Ray.hpp */ = {isa = PBXFileReference; fileEncoding = 4; lastKnownFileType = sourcecode.cpp.h; name = Ray.hpp; path = ../../../src/Ray.hpp; sourceTree = "<group>"; };
		70C839351C66534A00EDF0AF /* Raycaster.hpp */ = {isa = PBXFileReference; fileEncoding = 4; lastKnownFileType = sourcecode.cpp.h; name = Raycaster.hpp; path = ../../../src/Raycaster.hpp; sourceTree = "<group>"; };
		70C839361C66534A00EDF0AF /* Scene.hpp */ = {isa = PBXFileReference; fileEncoding = 4; lastKnownFileType = sourcecode.cpp.h; name = Scene.hpp; path = ../../../src/Scene.hpp; sourceTree = "<group>"; };
		70C839371C66534A00EDF0AF /* SimplePhotonMappingRadianceProvider.h */ = {isa = PBXFileReference; fileEncoding = 4; lastKnownFileType = sourcecode.c.h; name = SimplePhotonMappingRadianceProvider.h; path = ../../../src/SimplePhotonMappingRadianceProvider.h; sourceTree = "<group>"; };
		70C839381C66534A00EDF0AF /* SimpleRadianceProvider.hpp */ = {isa = PBXFileReference; fileEncoding = 4; lastKnownFileType = sourcecode.cpp.h; name = SimpleRadianceProvider.hpp; path = ../../../src/SimpleRadianceProvider.hpp; sourceTree = "<group>"; };
		70C839391C66534A00EDF0AF /* Sphere.hpp */ = {isa = PBXFileReference; fileEncoding = 4; lastKnownFileType = sourcecode.cpp.h; name = Sphere.hpp; path = ../../../src/Sphere.hpp; sourceTree = "<group>"; };
		70C8393A1C66534A00EDF0AF /* TinyObjLoader.hpp */ = {isa = PBXFileReference; fileEncoding = 4; lastKnownFileType = sourcecode.cpp.h; name = TinyObjLoader.hpp; path = ../../../src/TinyObjLoader.hpp; sourceTree = "<group>"; };
		70C8393B1C66534A00EDF0AF /* TriangleMesh.hpp */ = {isa = PBXFileReference; fileEncoding = 4; lastKnownFileType = sourcecode.cpp.h; name = TriangleMesh.hpp; path = ../../../src/TriangleMesh.hpp; sourceTree = "<group>"; };
		70C839481C66539000EDF0AF /* OpenGL.framework */ = {isa = PBXFileReference; lastKnownFileType = wrapper.framework; name = OpenGL.framework; path = System/Library/Frameworks/OpenGL.framework; sourceTree = SDKROOT; };
		70C8394A1C6653BA00EDF0AF /* GLUT.framework */ = {isa = PBXFileReference; lastKnownFileType = wrapper.framework; name = GLUT.framework; path = System/Library/Frameworks/GLUT.framework; sourceTree = SDKROOT; };
		70C839501C66569100EDF0AF /* light_housing.obj */ = {isa = PBXFileReference; lastKnownFileType = text; path = light_housing.obj; sourceTree = "<group>"; };
/* End PBXFileReference section */

/* Begin PBXFrameworksBuildPhase section */
		709E77C51C54FB790022CCD5 /* Frameworks */ = {
			isa = PBXFrameworksBuildPhase;
			buildActionMask = 2147483647;
			files = (
				70C839491C66539000EDF0AF /* OpenGL.framework in Frameworks */,
				70352FD81C6756B5008BC99A /* libglut.3.dylib in Frameworks */,
				70C8393F1C66534A00EDF0AF /* freeglut.lib in Frameworks */,
				70C839401C66534A00EDF0AF /* glew32.lib in Frameworks */,
				70C839441C66534A00EDF0AF /* glfw3dll.lib in Frameworks */,
				70C839461C66534A00EDF0AF /* glew32.lib in Frameworks */,
				70C839411C66534A00EDF0AF /* glfw3dll.lib in Frameworks */,
				70C839471C66534A00EDF0AF /* glfw3dll.lib in Frameworks */,
				70C839431C66534A00EDF0AF /* glew32.lib in Frameworks */,
				70C839421C66534A00EDF0AF /* freeglut.lib in Frameworks */,
				70C839451C66534A00EDF0AF /* freeglut.lib in Frameworks */,
			);
			runOnlyForDeploymentPostprocessing = 0;
		};
/* End PBXFrameworksBuildPhase section */

/* Begin PBXGroup section */
		709E77BF1C54FB790022CCD5 = {
			isa = PBXGroup;
			children = (
				70352FD71C6756B5008BC99A /* libglut.3.dylib */,
				70C8394A1C6653BA00EDF0AF /* GLUT.framework */,
				70C839481C66539000EDF0AF /* OpenGL.framework */,
				709E77CA1C54FB790022CCD5 /* ACG-Assignment3 */,
				709E77C91C54FB790022CCD5 /* Products */,
			);
			sourceTree = "<group>";
		};
		709E77C91C54FB790022CCD5 /* Products */ = {
			isa = PBXGroup;
			children = (
				709E77C81C54FB790022CCD5 /* ACG-Assignment3 */,
			);
			name = Products;
			sourceTree = "<group>";
		};
		709E77CA1C54FB790022CCD5 /* ACG-Assignment3 */ = {
			isa = PBXGroup;
			children = (
				70C837F11C66534A00EDF0AF /* BoundingBox.hpp */,
				70C837F21C66534A00EDF0AF /* Camera.hpp */,
				70C837F31C66534A00EDF0AF /* CMakeLists.txt */,
				70C837F41C66534A00EDF0AF /* Common.hpp */,
				70C837F51C66534A00EDF0AF /* Geometry.hpp */,
				70C837F61C66534A00EDF0AF /* glm */,
				70C838F81C66534A00EDF0AF /* Image.hpp */,
				70C838F91C66534A00EDF0AF /* KdPhotonMappingRadianceProvider.hpp */,
				70C838FA1C66534A00EDF0AF /* LiveImage.hpp */,
				70C838FB1C66534A00EDF0AF /* main.cpp */,
				70C838FC1C66534A00EDF0AF /* Material.hpp */,
				70C838FD1C66534A00EDF0AF /* ModelLoader.hpp */,
				70C838FE1C66534A00EDF0AF /* models */,
				70C839061C66534A00EDF0AF /* nanoflann.hpp */,
				70C839071C66534A00EDF0AF /* NanoFlannKdPMRP.hpp */,
				70C839081C66534A00EDF0AF /* NanoFlannPhotonMap.h */,
				70C839091C66534A00EDF0AF /* opengl */,
				70C839331C66534A00EDF0AF /* PathTracingWithPhotonMappingRP.hpp */,
				70C839341C66534A00EDF0AF /* Ray.hpp */,
				70C839351C66534A00EDF0AF /* Raycaster.hpp */,
				70C839361C66534A00EDF0AF /* Scene.hpp */,
				70C839371C66534A00EDF0AF /* SimplePhotonMappingRadianceProvider.h */,
				70C839381C66534A00EDF0AF /* SimpleRadianceProvider.hpp */,
				70C839391C66534A00EDF0AF /* Sphere.hpp */,
				70C8393A1C66534A00EDF0AF /* TinyObjLoader.hpp */,
				70C8393B1C66534A00EDF0AF /* TriangleMesh.hpp */,
			);
			path = "ACG-Assignment3";
			sourceTree = "<group>";
		};
		70C837F61C66534A00EDF0AF /* glm */ = {
			isa = PBXGroup;
			children = (
				70C837F71C66534A00EDF0AF /* CMakeLists.txt */,
				70C837F81C66534A00EDF0AF /* common.hpp */,
				70C837F91C66534A00EDF0AF /* detail */,
				70C838491C66534A00EDF0AF /* exponential.hpp */,
				70C8384A1C66534A00EDF0AF /* ext.hpp */,
				70C8384B1C66534A00EDF0AF /* fwd.hpp */,
				70C8384C1C66534A00EDF0AF /* geometric.hpp */,
				70C8384D1C66534A00EDF0AF /* glm.hpp */,
				70C8384E1C66534A00EDF0AF /* gtc */,
				70C838741C66534A00EDF0AF /* gtx */,
				70C838E71C66534A00EDF0AF /* integer.hpp */,
				70C838E81C66534A00EDF0AF /* mat2x2.hpp */,
				70C838E91C66534A00EDF0AF /* mat2x3.hpp */,
				70C838EA1C66534A00EDF0AF /* mat2x4.hpp */,
				70C838EB1C66534A00EDF0AF /* mat3x2.hpp */,
				70C838EC1C66534A00EDF0AF /* mat3x3.hpp */,
				70C838ED1C66534A00EDF0AF /* mat3x4.hpp */,
				70C838EE1C66534A00EDF0AF /* mat4x2.hpp */,
				70C838EF1C66534A00EDF0AF /* mat4x3.hpp */,
				70C838F01C66534A00EDF0AF /* mat4x4.hpp */,
				70C838F11C66534A00EDF0AF /* matrix.hpp */,
				70C838F21C66534A00EDF0AF /* packing.hpp */,
				70C838F31C66534A00EDF0AF /* trigonometric.hpp */,
				70C838F41C66534A00EDF0AF /* vec2.hpp */,
				70C838F51C66534A00EDF0AF /* vec3.hpp */,
				70C838F61C66534A00EDF0AF /* vec4.hpp */,
				70C838F71C66534A00EDF0AF /* vector_relational.hpp */,
			);
			name = glm;
			path = ../../../src/glm;
			sourceTree = "<group>";
		};
		70C837F91C66534A00EDF0AF /* detail */ = {
			isa = PBXGroup;
			children = (
				70C837FA1C66534A00EDF0AF /* _features.hpp */,
				70C837FB1C66534A00EDF0AF /* _fixes.hpp */,
				70C837FC1C66534A00EDF0AF /* _noise.hpp */,
				70C837FD1C66534A00EDF0AF /* _swizzle.hpp */,
				70C837FE1C66534A00EDF0AF /* _swizzle_func.hpp */,
				70C837FF1C66534A00EDF0AF /* _vectorize.hpp */,
				70C838001C66534A00EDF0AF /* dummy.cpp */,
				70C838011C66534A00EDF0AF /* func_common.hpp */,
				70C838021C66534A00EDF0AF /* func_common.inl */,
				70C838031C66534A00EDF0AF /* func_exponential.hpp */,
				70C838041C66534A00EDF0AF /* func_exponential.inl */,
				70C838051C66534A00EDF0AF /* func_geometric.hpp */,
				70C838061C66534A00EDF0AF /* func_geometric.inl */,
				70C838071C66534A00EDF0AF /* func_integer.hpp */,
				70C838081C66534A00EDF0AF /* func_integer.inl */,
				70C838091C66534A00EDF0AF /* func_matrix.hpp */,
				70C8380A1C66534A00EDF0AF /* func_matrix.inl */,
				70C8380B1C66534A00EDF0AF /* func_packing.hpp */,
				70C8380C1C66534A00EDF0AF /* func_packing.inl */,
				70C8380D1C66534A00EDF0AF /* func_trigonometric.hpp */,
				70C8380E1C66534A00EDF0AF /* func_trigonometric.inl */,
				70C8380F1C66534A00EDF0AF /* func_vector_relational.hpp */,
				70C838101C66534A00EDF0AF /* func_vector_relational.inl */,
				70C838111C66534A00EDF0AF /* glm.cpp */,
				70C838121C66534A00EDF0AF /* intrinsic_common.hpp */,
				70C838131C66534A00EDF0AF /* intrinsic_common.inl */,
				70C838141C66534A00EDF0AF /* intrinsic_exponential.hpp */,
				70C838151C66534A00EDF0AF /* intrinsic_exponential.inl */,
				70C838161C66534A00EDF0AF /* intrinsic_geometric.hpp */,
				70C838171C66534A00EDF0AF /* intrinsic_geometric.inl */,
				70C838181C66534A00EDF0AF /* intrinsic_integer.hpp */,
				70C838191C66534A00EDF0AF /* intrinsic_integer.inl */,
				70C8381A1C66534A00EDF0AF /* intrinsic_matrix.hpp */,
				70C8381B1C66534A00EDF0AF /* intrinsic_matrix.inl */,
				70C8381C1C66534A00EDF0AF /* intrinsic_trigonometric.hpp */,
				70C8381D1C66534A00EDF0AF /* intrinsic_trigonometric.inl */,
				70C8381E1C66534A00EDF0AF /* intrinsic_vector_relational.hpp */,
				70C8381F1C66534A00EDF0AF /* intrinsic_vector_relational.inl */,
				70C838201C66534A00EDF0AF /* precision.hpp */,
				70C838211C66534A00EDF0AF /* setup.hpp */,
				70C838221C66534A00EDF0AF /* type_float.hpp */,
				70C838231C66534A00EDF0AF /* type_gentype.hpp */,
				70C838241C66534A00EDF0AF /* type_gentype.inl */,
				70C838251C66534A00EDF0AF /* type_half.hpp */,
				70C838261C66534A00EDF0AF /* type_half.inl */,
				70C838271C66534A00EDF0AF /* type_int.hpp */,
				70C838281C66534A00EDF0AF /* type_mat.hpp */,
				70C838291C66534A00EDF0AF /* type_mat.inl */,
				70C8382A1C66534A00EDF0AF /* type_mat2x2.hpp */,
				70C8382B1C66534A00EDF0AF /* type_mat2x2.inl */,
				70C8382C1C66534A00EDF0AF /* type_mat2x3.hpp */,
				70C8382D1C66534A00EDF0AF /* type_mat2x3.inl */,
				70C8382E1C66534A00EDF0AF /* type_mat2x4.hpp */,
				70C8382F1C66534A00EDF0AF /* type_mat2x4.inl */,
				70C838301C66534A00EDF0AF /* type_mat3x2.hpp */,
				70C838311C66534A00EDF0AF /* type_mat3x2.inl */,
				70C838321C66534A00EDF0AF /* type_mat3x3.hpp */,
				70C838331C66534A00EDF0AF /* type_mat3x3.inl */,
				70C838341C66534A00EDF0AF /* type_mat3x4.hpp */,
				70C838351C66534A00EDF0AF /* type_mat3x4.inl */,
				70C838361C66534A00EDF0AF /* type_mat4x2.hpp */,
				70C838371C66534A00EDF0AF /* type_mat4x2.inl */,
				70C838381C66534A00EDF0AF /* type_mat4x3.hpp */,
				70C838391C66534A00EDF0AF /* type_mat4x3.inl */,
				70C8383A1C66534A00EDF0AF /* type_mat4x4.hpp */,
				70C8383B1C66534A00EDF0AF /* type_mat4x4.inl */,
				70C8383C1C66534A00EDF0AF /* type_vec.hpp */,
				70C8383D1C66534A00EDF0AF /* type_vec.inl */,
				70C8383E1C66534A00EDF0AF /* type_vec1.hpp */,
				70C8383F1C66534A00EDF0AF /* type_vec1.inl */,
				70C838401C66534A00EDF0AF /* type_vec2.hpp */,
				70C838411C66534A00EDF0AF /* type_vec2.inl */,
				70C838421C66534A00EDF0AF /* type_vec3.hpp */,
				70C838431C66534A00EDF0AF /* type_vec3.inl */,
				70C838441C66534A00EDF0AF /* type_vec4.hpp */,
				70C838451C66534A00EDF0AF /* type_vec4.inl */,
				70C838461C66534A00EDF0AF /* type_vec4_avx.inl */,
				70C838471C66534A00EDF0AF /* type_vec4_avx2.inl */,
				70C838481C66534A00EDF0AF /* type_vec4_sse2.inl */,
			);
			path = detail;
			sourceTree = "<group>";
		};
		70C8384E1C66534A00EDF0AF /* gtc */ = {
			isa = PBXGroup;
			children = (
				70C8384F1C66534A00EDF0AF /* bitfield.hpp */,
				70C838501C66534A00EDF0AF /* bitfield.inl */,
				70C838511C66534A00EDF0AF /* color_space.hpp */,
				70C838521C66534A00EDF0AF /* color_space.inl */,
				70C838531C66534A00EDF0AF /* constants.hpp */,
				70C838541C66534A00EDF0AF /* constants.inl */,
				70C838551C66534A00EDF0AF /* epsilon.hpp */,
				70C838561C66534A00EDF0AF /* epsilon.inl */,
				70C838571C66534A00EDF0AF /* integer.hpp */,
				70C838581C66534A00EDF0AF /* integer.inl */,
				70C838591C66534A00EDF0AF /* matrix_access.hpp */,
				70C8385A1C66534A00EDF0AF /* matrix_access.inl */,
				70C8385B1C66534A00EDF0AF /* matrix_integer.hpp */,
				70C8385C1C66534A00EDF0AF /* matrix_inverse.hpp */,
				70C8385D1C66534A00EDF0AF /* matrix_inverse.inl */,
				70C8385E1C66534A00EDF0AF /* matrix_transform.hpp */,
				70C8385F1C66534A00EDF0AF /* matrix_transform.inl */,
				70C838601C66534A00EDF0AF /* noise.hpp */,
				70C838611C66534A00EDF0AF /* noise.inl */,
				70C838621C66534A00EDF0AF /* packing.hpp */,
				70C838631C66534A00EDF0AF /* packing.inl */,
				70C838641C66534A00EDF0AF /* quaternion.hpp */,
				70C838651C66534A00EDF0AF /* quaternion.inl */,
				70C838661C66534A00EDF0AF /* random.hpp */,
				70C838671C66534A00EDF0AF /* random.inl */,
				70C838681C66534A00EDF0AF /* reciprocal.hpp */,
				70C838691C66534A00EDF0AF /* reciprocal.inl */,
				70C8386A1C66534A00EDF0AF /* round.hpp */,
				70C8386B1C66534A00EDF0AF /* round.inl */,
				70C8386C1C66534A00EDF0AF /* type_precision.hpp */,
				70C8386D1C66534A00EDF0AF /* type_precision.inl */,
				70C8386E1C66534A00EDF0AF /* type_ptr.hpp */,
				70C8386F1C66534A00EDF0AF /* type_ptr.inl */,
				70C838701C66534A00EDF0AF /* ulp.hpp */,
				70C838711C66534A00EDF0AF /* ulp.inl */,
				70C838721C66534A00EDF0AF /* vec1.hpp */,
				70C838731C66534A00EDF0AF /* vec1.inl */,
			);
			path = gtc;
			sourceTree = "<group>";
		};
		70C838741C66534A00EDF0AF /* gtx */ = {
			isa = PBXGroup;
			children = (
				70C838751C66534A00EDF0AF /* associated_min_max.hpp */,
				70C838761C66534A00EDF0AF /* associated_min_max.inl */,
				70C838771C66534A00EDF0AF /* bit.hpp */,
				70C838781C66534A00EDF0AF /* bit.inl */,
				70C838791C66534A00EDF0AF /* closest_point.hpp */,
				70C8387A1C66534A00EDF0AF /* closest_point.inl */,
				70C8387B1C66534A00EDF0AF /* color_space.hpp */,
				70C8387C1C66534A00EDF0AF /* color_space.inl */,
				70C8387D1C66534A00EDF0AF /* color_space_YCoCg.hpp */,
				70C8387E1C66534A00EDF0AF /* color_space_YCoCg.inl */,
				70C8387F1C66534A00EDF0AF /* common.hpp */,
				70C838801C66534A00EDF0AF /* common.inl */,
				70C838811C66534A00EDF0AF /* compatibility.hpp */,
				70C838821C66534A00EDF0AF /* compatibility.inl */,
				70C838831C66534A00EDF0AF /* component_wise.hpp */,
				70C838841C66534A00EDF0AF /* component_wise.inl */,
				70C838851C66534A00EDF0AF /* dual_quaternion.hpp */,
				70C838861C66534A00EDF0AF /* dual_quaternion.inl */,
				70C838871C66534A00EDF0AF /* euler_angles.hpp */,
				70C838881C66534A00EDF0AF /* euler_angles.inl */,
				70C838891C66534A00EDF0AF /* extend.hpp */,
				70C8388A1C66534A00EDF0AF /* extend.inl */,
				70C8388B1C66534A00EDF0AF /* extented_min_max.hpp */,
				70C8388C1C66534A00EDF0AF /* extented_min_max.inl */,
				70C8388D1C66534A00EDF0AF /* fast_exponential.hpp */,
				70C8388E1C66534A00EDF0AF /* fast_exponential.inl */,
				70C8388F1C66534A00EDF0AF /* fast_square_root.hpp */,
				70C838901C66534A00EDF0AF /* fast_square_root.inl */,
				70C838911C66534A00EDF0AF /* fast_trigonometry.hpp */,
				70C838921C66534A00EDF0AF /* fast_trigonometry.inl */,
				70C838931C66534A00EDF0AF /* gradient_paint.hpp */,
				70C838941C66534A00EDF0AF /* gradient_paint.inl */,
				70C838951C66534A00EDF0AF /* handed_coordinate_space.hpp */,
				70C838961C66534A00EDF0AF /* handed_coordinate_space.inl */,
				70C838971C66534A00EDF0AF /* hash.hpp */,
				70C838981C66534A00EDF0AF /* hash.inl */,
				70C838991C66534A00EDF0AF /* integer.hpp */,
				70C8389A1C66534A00EDF0AF /* integer.inl */,
				70C8389B1C66534A00EDF0AF /* intersect.hpp */,
				70C8389C1C66534A00EDF0AF /* intersect.inl */,
				70C8389D1C66534A00EDF0AF /* io.hpp */,
				70C8389E1C66534A00EDF0AF /* io.inl */,
				70C8389F1C66534A00EDF0AF /* log_base.hpp */,
				70C838A01C66534A00EDF0AF /* log_base.inl */,
				70C838A11C66534A00EDF0AF /* matrix_cross_product.hpp */,
				70C838A21C66534A00EDF0AF /* matrix_cross_product.inl */,
				70C838A31C66534A00EDF0AF /* matrix_decompose.hpp */,
				70C838A41C66534A00EDF0AF /* matrix_decompose.inl */,
				70C838A51C66534A00EDF0AF /* matrix_interpolation.hpp */,
				70C838A61C66534A00EDF0AF /* matrix_interpolation.inl */,
				70C838A71C66534A00EDF0AF /* matrix_major_storage.hpp */,
				70C838A81C66534A00EDF0AF /* matrix_major_storage.inl */,
				70C838A91C66534A00EDF0AF /* matrix_operation.hpp */,
				70C838AA1C66534A00EDF0AF /* matrix_operation.inl */,
				70C838AB1C66534A00EDF0AF /* matrix_query.hpp */,
				70C838AC1C66534A00EDF0AF /* matrix_query.inl */,
				70C838AD1C66534A00EDF0AF /* matrix_transform_2d.hpp */,
				70C838AE1C66534A00EDF0AF /* matrix_transform_2d.inl */,
				70C838AF1C66534A00EDF0AF /* mixed_product.hpp */,
				70C838B01C66534A00EDF0AF /* mixed_product.inl */,
				70C838B11C66534A00EDF0AF /* norm.hpp */,
				70C838B21C66534A00EDF0AF /* norm.inl */,
				70C838B31C66534A00EDF0AF /* normal.hpp */,
				70C838B41C66534A00EDF0AF /* normal.inl */,
				70C838B51C66534A00EDF0AF /* normalize_dot.hpp */,
				70C838B61C66534A00EDF0AF /* normalize_dot.inl */,
				70C838B71C66534A00EDF0AF /* number_precision.hpp */,
				70C838B81C66534A00EDF0AF /* number_precision.inl */,
				70C838B91C66534A00EDF0AF /* optimum_pow.hpp */,
				70C838BA1C66534A00EDF0AF /* optimum_pow.inl */,
				70C838BB1C66534A00EDF0AF /* orthonormalize.hpp */,
				70C838BC1C66534A00EDF0AF /* orthonormalize.inl */,
				70C838BD1C66534A00EDF0AF /* perpendicular.hpp */,
				70C838BE1C66534A00EDF0AF /* perpendicular.inl */,
				70C838BF1C66534A00EDF0AF /* polar_coordinates.hpp */,
				70C838C01C66534A00EDF0AF /* polar_coordinates.inl */,
				70C838C11C66534A00EDF0AF /* projection.hpp */,
				70C838C21C66534A00EDF0AF /* projection.inl */,
				70C838C31C66534A00EDF0AF /* quaternion.hpp */,
				70C838C41C66534A00EDF0AF /* quaternion.inl */,
				70C838C51C66534A00EDF0AF /* range.hpp */,
				70C838C61C66534A00EDF0AF /* raw_data.hpp */,
				70C838C71C66534A00EDF0AF /* raw_data.inl */,
				70C838C81C66534A00EDF0AF /* rotate_normalized_axis.hpp */,
				70C838C91C66534A00EDF0AF /* rotate_normalized_axis.inl */,
				70C838CA1C66534A00EDF0AF /* rotate_vector.hpp */,
				70C838CB1C66534A00EDF0AF /* rotate_vector.inl */,
				70C838CC1C66534A00EDF0AF /* scalar_multiplication.hpp */,
				70C838CD1C66534A00EDF0AF /* scalar_relational.hpp */,
				70C838CE1C66534A00EDF0AF /* scalar_relational.inl */,
				70C838CF1C66534A00EDF0AF /* simd_mat4.hpp */,
				70C838D01C66534A00EDF0AF /* simd_mat4.inl */,
				70C838D11C66534A00EDF0AF /* simd_quat.hpp */,
				70C838D21C66534A00EDF0AF /* simd_quat.inl */,
				70C838D31C66534A00EDF0AF /* simd_vec4.hpp */,
				70C838D41C66534A00EDF0AF /* simd_vec4.inl */,
				70C838D51C66534A00EDF0AF /* spline.hpp */,
				70C838D61C66534A00EDF0AF /* spline.inl */,
				70C838D71C66534A00EDF0AF /* std_based_type.hpp */,
				70C838D81C66534A00EDF0AF /* std_based_type.inl */,
				70C838D91C66534A00EDF0AF /* string_cast.hpp */,
				70C838DA1C66534A00EDF0AF /* string_cast.inl */,
				70C838DB1C66534A00EDF0AF /* transform.hpp */,
				70C838DC1C66534A00EDF0AF /* transform.inl */,
				70C838DD1C66534A00EDF0AF /* transform2.hpp */,
				70C838DE1C66534A00EDF0AF /* transform2.inl */,
				70C838DF1C66534A00EDF0AF /* type_aligned.hpp */,
				70C838E01C66534A00EDF0AF /* type_aligned.inl */,
				70C838E11C66534A00EDF0AF /* vector_angle.hpp */,
				70C838E21C66534A00EDF0AF /* vector_angle.inl */,
				70C838E31C66534A00EDF0AF /* vector_query.hpp */,
				70C838E41C66534A00EDF0AF /* vector_query.inl */,
				70C838E51C66534A00EDF0AF /* wrap.hpp */,
				70C838E61C66534A00EDF0AF /* wrap.inl */,
			);
			path = gtx;
			sourceTree = "<group>";
		};
		70C838FE1C66534A00EDF0AF /* models */ = {
			isa = PBXGroup;
			children = (
				70C838FF1C66534A00EDF0AF /* cube.obj */,
				70C839001C66534A00EDF0AF /* diamond.obj */,
				70C839501C66569100EDF0AF /* light_housing.obj */,
				70C839011C66534A00EDF0AF /* pyramid.obj */,
				70C839021C66534A00EDF0AF /* rhino.obj */,
				70C839031C66534A00EDF0AF /* teapot.obj */,
				70C839041C66534A00EDF0AF /* Wine glass.obj */,
				70C839051C66534A00EDF0AF /* Wine glass_low.obj */,
			);
			name = models;
			path = ../../../src/models;
			sourceTree = "<group>";
		};
		70C839091C66534A00EDF0AF /* opengl */ = {
			isa = PBXGroup;
			children = (
				70C8390A1C66534A00EDF0AF /* bin */,
				70C8391A1C66534A00EDF0AF /* include */,
				70C839261C66534A00EDF0AF /* lib */,
			);
			name = opengl;
			path = ../../../src/opengl;
			sourceTree = "<group>";
		};
		70C8390A1C66534A00EDF0AF /* bin */ = {
			isa = PBXGroup;
			children = (
				70C8390B1C66534A00EDF0AF /* freeglut.dll */,
				70C8390C1C66534A00EDF0AF /* glew32.dll */,
				70C8390D1C66534A00EDF0AF /* glfw3.dll */,
				70C8390E1C66534A00EDF0AF /* Win32 */,
				70C839141C66534A00EDF0AF /* x64 */,
			);
			path = bin;
			sourceTree = "<group>";
		};
		70C8390E1C66534A00EDF0AF /* Win32 */ = {
			isa = PBXGroup;
			children = (
				70C8390F1C66534A00EDF0AF /* freeglut.dll */,
				70C839101C66534A00EDF0AF /* glew32.dll */,
				70C839111C66534A00EDF0AF /* glewinfo.exe */,
				70C839121C66534A00EDF0AF /* glfw3.dll */,
				70C839131C66534A00EDF0AF /* visualinfo.exe */,
			);
			path = Win32;
			sourceTree = "<group>";
		};
		70C839141C66534A00EDF0AF /* x64 */ = {
			isa = PBXGroup;
			children = (
				70C839151C66534A00EDF0AF /* freeglut.dll */,
				70C839161C66534A00EDF0AF /* glew32.dll */,
				70C839171C66534A00EDF0AF /* glewinfo.exe */,
				70C839181C66534A00EDF0AF /* glfw3.dll */,
				70C839191C66534A00EDF0AF /* visualinfo.exe */,
			);
			path = x64;
			sourceTree = "<group>";
		};
		70C8391A1C66534A00EDF0AF /* include */ = {
			isa = PBXGroup;
			children = (
				70C8391B1C66534A00EDF0AF /* GL */,
				70C839231C66534A00EDF0AF /* GLFW */,
			);
			path = include;
			sourceTree = "<group>";
		};
		70C8391B1C66534A00EDF0AF /* GL */ = {
			isa = PBXGroup;
			children = (
				70C8391C1C66534A00EDF0AF /* freeglut.h */,
				70C8391D1C66534A00EDF0AF /* freeglut_ext.h */,
				70C8391E1C66534A00EDF0AF /* freeglut_std.h */,
				70C8391F1C66534A00EDF0AF /* glew.h */,
				70C839201C66534A00EDF0AF /* glut.h */,
				70C839211C66534A00EDF0AF /* glxew.h */,
				70C839221C66534A00EDF0AF /* wglew.h */,
			);
			path = GL;
			sourceTree = "<group>";
		};
		70C839231C66534A00EDF0AF /* GLFW */ = {
			isa = PBXGroup;
			children = (
				70C839241C66534A00EDF0AF /* glfw3.h */,
				70C839251C66534A00EDF0AF /* glfw3native.h */,
			);
			path = GLFW;
			sourceTree = "<group>";
		};
		70C839261C66534A00EDF0AF /* lib */ = {
			isa = PBXGroup;
			children = (
				70C839271C66534A00EDF0AF /* Win32 */,
				70C8392F1C66534A00EDF0AF /* x64 */,
			);
			path = lib;
			sourceTree = "<group>";
		};
		70C839271C66534A00EDF0AF /* Win32 */ = {
			isa = PBXGroup;
			children = (
				70C839281C66534A00EDF0AF /* freeglut.lib */,
				70C839291C66534A00EDF0AF /* glew32.lib */,
				70C8392A1C66534A00EDF0AF /* glfw3dll.lib */,
				70C8392B1C66534A00EDF0AF /* v120 */,
			);
			path = Win32;
			sourceTree = "<group>";
		};
		70C8392B1C66534A00EDF0AF /* v120 */ = {
			isa = PBXGroup;
			children = (
				70C8392C1C66534A00EDF0AF /* freeglut.lib */,
				70C8392D1C66534A00EDF0AF /* glew32.lib */,
				70C8392E1C66534A00EDF0AF /* glfw3dll.lib */,
			);
			path = v120;
			sourceTree = "<group>";
		};
		70C8392F1C66534A00EDF0AF /* x64 */ = {
			isa = PBXGroup;
			children = (
				70C839301C66534A00EDF0AF /* freeglut.lib */,
				70C839311C66534A00EDF0AF /* glew32.lib */,
				70C839321C66534A00EDF0AF /* glfw3dll.lib */,
			);
			path = x64;
			sourceTree = "<group>";
		};
/* End PBXGroup section */

/* Begin PBXNativeTarget section */
		709E77C71C54FB790022CCD5 /* ACG-Assignment3 */ = {
			isa = PBXNativeTarget;
			buildConfigurationList = 709E77CF1C54FB790022CCD5 /* Build configuration list for PBXNativeTarget "ACG-Assignment3" */;
			buildPhases = (
				709E77C41C54FB790022CCD5 /* Sources */,
				709E77C51C54FB790022CCD5 /* Frameworks */,
				709E77C61C54FB790022CCD5 /* CopyFiles */,
				70C8394E1C66561F00EDF0AF /* CopyFiles */,
			);
			buildRules = (
			);
			dependencies = (
			);
			name = "ACG-Assignment3";
			productName = "ACG-Assignment3";
			productReference = 709E77C81C54FB790022CCD5 /* ACG-Assignment3 */;
			productType = "com.apple.product-type.tool";
		};
/* End PBXNativeTarget section */

/* Begin PBXProject section */
		709E77C01C54FB790022CCD5 /* Project object */ = {
			isa = PBXProject;
			attributes = {
				LastUpgradeCheck = 0720;
				ORGANIZATIONNAME = "Bernhard Fritz";
				TargetAttributes = {
					709E77C71C54FB790022CCD5 = {
						CreatedOnToolsVersion = 7.2;
					};
				};
			};
			buildConfigurationList = 709E77C31C54FB790022CCD5 /* Build configuration list for PBXProject "ACG-Assignment3" */;
			compatibilityVersion = "Xcode 3.2";
			developmentRegion = English;
			hasScannedForEncodings = 0;
			knownRegions = (
				en,
			);
			mainGroup = 709E77BF1C54FB790022CCD5;
			productRefGroup = 709E77C91C54FB790022CCD5 /* Products */;
			projectDirPath = "";
			projectRoot = "";
			targets = (
				709E77C71C54FB790022CCD5 /* ACG-Assignment3 */,
			);
		};
/* End PBXProject section */

/* Begin PBXSourcesBuildPhase section */
		709E77C41C54FB790022CCD5 /* Sources */ = {
			isa = PBXSourcesBuildPhase;
			buildActionMask = 2147483647;
			files = (
				70C8393E1C66534A00EDF0AF /* main.cpp in Sources */,
			);
			runOnlyForDeploymentPostprocessing = 0;
		};
/* End PBXSourcesBuildPhase section */

/* Begin XCBuildConfiguration section */
		709E77CD1C54FB790022CCD5 /* Debug */ = {
			isa = XCBuildConfiguration;
			buildSettings = {
				ALWAYS_SEARCH_USER_PATHS = NO;
				CLANG_CXX_LANGUAGE_STANDARD = "gnu++0x";
				CLANG_CXX_LIBRARY = "libc++";
				CLANG_ENABLE_MODULES = YES;
				CLANG_ENABLE_OBJC_ARC = YES;
				CLANG_WARN_BOOL_CONVERSION = YES;
				CLANG_WARN_CONSTANT_CONVERSION = YES;
				CLANG_WARN_DIRECT_OBJC_ISA_USAGE = YES_ERROR;
				CLANG_WARN_EMPTY_BODY = YES;
				CLANG_WARN_ENUM_CONVERSION = YES;
				CLANG_WARN_INT_CONVERSION = YES;
				CLANG_WARN_OBJC_ROOT_CLASS = YES_ERROR;
				CLANG_WARN_UNREACHABLE_CODE = YES;
				CLANG_WARN__DUPLICATE_METHOD_MATCH = YES;
				CODE_SIGN_IDENTITY = "-";
				COPY_PHASE_STRIP = NO;
				DEBUG_INFORMATION_FORMAT = dwarf;
				ENABLE_STRICT_OBJC_MSGSEND = YES;
				ENABLE_TESTABILITY = YES;
				GCC_C_LANGUAGE_STANDARD = gnu99;
				GCC_DYNAMIC_NO_PIC = NO;
				GCC_NO_COMMON_BLOCKS = YES;
				GCC_OPTIMIZATION_LEVEL = 0;
				GCC_PREPROCESSOR_DEFINITIONS = (
					"DEBUG=1",
					"$(inherited)",
				);
				GCC_WARN_64_TO_32_BIT_CONVERSION = YES;
				GCC_WARN_ABOUT_RETURN_TYPE = YES_ERROR;
				GCC_WARN_UNDECLARED_SELECTOR = YES;
				GCC_WARN_UNINITIALIZED_AUTOS = YES_AGGRESSIVE;
				GCC_WARN_UNUSED_FUNCTION = YES;
				GCC_WARN_UNUSED_VARIABLE = YES;
				MACOSX_DEPLOYMENT_TARGET = 10.11;
				MTL_ENABLE_DEBUG_INFO = YES;
				ONLY_ACTIVE_ARCH = YES;
				SDKROOT = macosx;
			};
			name = Debug;
		};
		709E77CE1C54FB790022CCD5 /* Release */ = {
			isa = XCBuildConfiguration;
			buildSettings = {
				ALWAYS_SEARCH_USER_PATHS = NO;
				CLANG_CXX_LANGUAGE_STANDARD = "gnu++0x";
				CLANG_CXX_LIBRARY = "libc++";
				CLANG_ENABLE_MODULES = YES;
				CLANG_ENABLE_OBJC_ARC = YES;
				CLANG_WARN_BOOL_CONVERSION = YES;
				CLANG_WARN_CONSTANT_CONVERSION = YES;
				CLANG_WARN_DIRECT_OBJC_ISA_USAGE = YES_ERROR;
				CLANG_WARN_EMPTY_BODY = YES;
				CLANG_WARN_ENUM_CONVERSION = YES;
				CLANG_WARN_INT_CONVERSION = YES;
				CLANG_WARN_OBJC_ROOT_CLASS = YES_ERROR;
				CLANG_WARN_UNREACHABLE_CODE = YES;
				CLANG_WARN__DUPLICATE_METHOD_MATCH = YES;
				CODE_SIGN_IDENTITY = "-";
				COPY_PHASE_STRIP = NO;
				DEBUG_INFORMATION_FORMAT = "dwarf-with-dsym";
				ENABLE_NS_ASSERTIONS = NO;
				ENABLE_STRICT_OBJC_MSGSEND = YES;
				GCC_C_LANGUAGE_STANDARD = gnu99;
				GCC_NO_COMMON_BLOCKS = YES;
				GCC_WARN_64_TO_32_BIT_CONVERSION = YES;
				GCC_WARN_ABOUT_RETURN_TYPE = YES_ERROR;
				GCC_WARN_UNDECLARED_SELECTOR = YES;
				GCC_WARN_UNINITIALIZED_AUTOS = YES_AGGRESSIVE;
				GCC_WARN_UNUSED_FUNCTION = YES;
				GCC_WARN_UNUSED_VARIABLE = YES;
				MACOSX_DEPLOYMENT_TARGET = 10.11;
				MTL_ENABLE_DEBUG_INFO = NO;
				SDKROOT = macosx;
			};
			name = Release;
		};
		709E77D01C54FB790022CCD5 /* Debug */ = {
			isa = XCBuildConfiguration;
			buildSettings = {
				CLANG_CXX_LANGUAGE_STANDARD = "gnu++0x";
				HEADER_SEARCH_PATHS = /usr/local/Cellar/freeglut/2.8.1/include;
				LIBRARY_SEARCH_PATHS = (
					"$(inherited)",
					/usr/local/Cellar/freeglut/2.8.1/lib,
				);
				OTHER_CPLUSPLUSFLAGS = (
					"$(OTHER_CFLAGS)",
					"-std=c++1y",
					"-pedantic",
				);
				PRODUCT_NAME = "$(TARGET_NAME)";
			};
			name = Debug;
		};
		709E77D11C54FB790022CCD5 /* Release */ = {
			isa = XCBuildConfiguration;
			buildSettings = {
				CLANG_CXX_LANGUAGE_STANDARD = "gnu++0x";
				HEADER_SEARCH_PATHS = /usr/local/Cellar/freeglut/2.8.1/include;
				LIBRARY_SEARCH_PATHS = (
					"$(inherited)",
					/usr/local/Cellar/freeglut/2.8.1/lib,
				);
				OTHER_CPLUSPLUSFLAGS = (
					"$(OTHER_CFLAGS)",
					"-std=c++1y",
					"-pedantic",
				);
				PRODUCT_NAME = "$(TARGET_NAME)";
			};
			name = Release;
		};
/* End XCBuildConfiguration section */

/* Begin XCConfigurationList section */
		709E77C31C54FB790022CCD5 /* Build configuration list for PBXProject "ACG-Assignment3" */ = {
			isa = XCConfigurationList;
			buildConfigurations = (
				709E77CD1C54FB790022CCD5 /* Debug */,
				709E77CE1C54FB790022CCD5 /* Release */,
			);
			defaultConfigurationIsVisible = 0;
			defaultConfigurationName = Release;
		};
		709E77CF1C54FB790022CCD5 /* Build configuration list for PBXNativeTarget "ACG-Assignment3" */ = {
			isa = XCConfigurationList;
			buildConfigurations = (
				709E77D01C54FB790022CCD5 /* Debug */,
				709E77D11C54FB790022CCD5 /* Release */,
			);
			defaultConfigurationIsVisible = 0;
			defaultConfigurationName = Release;
		};
/* End XCConfigurationList section */
	};
	rootObject = 709E77C01C54FB790022CCD5 /* Project object */;
}
